// !$*UTF8*$!
{
	archiveVersion = 1;
	classes = {
	};
	objectVersion = 56;
	objects = {

/* Begin PBXBuildFile section */
		B17865EE2C040E3C0087C8A4 /* FoodViewController.swift in Sources */ = {isa = PBXBuildFile; fileRef = B17865ED2C040E3C0087C8A4 /* FoodViewController.swift */; };
		B17865F12C0418280087C8A4 /* FoodTableViewCell.swift in Sources */ = {isa = PBXBuildFile; fileRef = B17865EF2C0418280087C8A4 /* FoodTableViewCell.swift */; };
		B17865F22C0418280087C8A4 /* FoodTableViewCell.xib in Resources */ = {isa = PBXBuildFile; fileRef = B17865F02C0418280087C8A4 /* FoodTableViewCell.xib */; };
		B17C0F0F2BFEC7A8007EEDE4 /* AppDelegate.swift in Sources */ = {isa = PBXBuildFile; fileRef = B17C0F0E2BFEC7A8007EEDE4 /* AppDelegate.swift */; };
		B17C0F112BFEC7A8007EEDE4 /* SceneDelegate.swift in Sources */ = {isa = PBXBuildFile; fileRef = B17C0F102BFEC7A8007EEDE4 /* SceneDelegate.swift */; };
		B17C0F132BFEC7A8007EEDE4 /* ViewController.swift in Sources */ = {isa = PBXBuildFile; fileRef = B17C0F122BFEC7A8007EEDE4 /* ViewController.swift */; };
		B17C0F162BFEC7A8007EEDE4 /* Main.storyboard in Resources */ = {isa = PBXBuildFile; fileRef = B17C0F142BFEC7A8007EEDE4 /* Main.storyboard */; };
		B17C0F182BFEC7AA007EEDE4 /* Assets.xcassets in Resources */ = {isa = PBXBuildFile; fileRef = B17C0F172BFEC7AA007EEDE4 /* Assets.xcassets */; };
		B17C0F1B2BFEC7AA007EEDE4 /* LaunchScreen.storyboard in Resources */ = {isa = PBXBuildFile; fileRef = B17C0F192BFEC7AA007EEDE4 /* LaunchScreen.storyboard */; };
		B17C0F232BFED9AA007EEDE4 /* HateViewController.swift in Sources */ = {isa = PBXBuildFile; fileRef = B17C0F222BFED9AA007EEDE4 /* HateViewController.swift */; };
		B17C0F252BFEEB2E007EEDE4 /* ModalViewController.swift in Sources */ = {isa = PBXBuildFile; fileRef = B17C0F242BFEEB2E007EEDE4 /* ModalViewController.swift */; };
		B17C0F272BFEEB3B007EEDE4 /* ShowViewController.swift in Sources */ = {isa = PBXBuildFile; fileRef = B17C0F262BFEEB3B007EEDE4 /* ShowViewController.swift */; };
		B17C0F292BFF05F8007EEDE4 /* Todo.storyboard in Resources */ = {isa = PBXBuildFile; fileRef = B17C0F282BFF05F8007EEDE4 /* Todo.storyboard */; };
		B17C0F2B2BFF06BD007EEDE4 /* Search.storyboard in Resources */ = {isa = PBXBuildFile; fileRef = B17C0F2A2BFF06BD007EEDE4 /* Search.storyboard */; };
		B17C0F2D2BFF161B007EEDE4 /* SimpleTableViewController.swift in Sources */ = {isa = PBXBuildFile; fileRef = B17C0F2C2BFF161B007EEDE4 /* SimpleTableViewController.swift */; };
		B189AAD82C041FC6008A11D9 /* Restaurant.swift in Sources */ = {isa = PBXBuildFile; fileRef = B189AAD72C041FC6008A11D9 /* Restaurant.swift */; };
		B189AADC2C042B42008A11D9 /* Kingfisher in Frameworks */ = {isa = PBXBuildFile; productRef = B189AADB2C042B42008A11D9 /* Kingfisher */; };
		B189AADE2C0437B4008A11D9 /* UIViewController+Extension.swift in Sources */ = {isa = PBXBuildFile; fileRef = B189AADD2C0437B4008A11D9 /* UIViewController+Extension.swift */; };
		B189AAE02C0439CF008A11D9 /* UILabel+Extension.swift in Sources */ = {isa = PBXBuildFile; fileRef = B189AADF2C0439CF008A11D9 /* UILabel+Extension.swift */; };
		B1C5D85C2C002DD5006F28FD /* TodoTableViewController.swift in Sources */ = {isa = PBXBuildFile; fileRef = B1C5D85B2C002DD5006F28FD /* TodoTableViewController.swift */; };
		B1C5D8602C005DA7006F28FD /* SearchTableViewController.swift in Sources */ = {isa = PBXBuildFile; fileRef = B1C5D85F2C005DA7006F28FD /* SearchTableViewController.swift */; };
		B1C5D8652C005E03006F28FD /* SearchTableViewCell.swift in Sources */ = {isa = PBXBuildFile; fileRef = B1C5D8642C005E03006F28FD /* SearchTableViewCell.swift */; };
/* End PBXBuildFile section */

/* Begin PBXFileReference section */
		B17865ED2C040E3C0087C8A4 /* FoodViewController.swift */ = {isa = PBXFileReference; lastKnownFileType = sourcecode.swift; path = FoodViewController.swift; sourceTree = "<group>"; };
		B17865EF2C0418280087C8A4 /* FoodTableViewCell.swift */ = {isa = PBXFileReference; lastKnownFileType = sourcecode.swift; path = FoodTableViewCell.swift; sourceTree = "<group>"; };
		B17865F02C0418280087C8A4 /* FoodTableViewCell.xib */ = {isa = PBXFileReference; lastKnownFileType = file.xib; path = FoodTableViewCell.xib; sourceTree = "<group>"; };
		B17C0F0B2BFEC7A8007EEDE4 /* SeSAC0523.app */ = {isa = PBXFileReference; explicitFileType = wrapper.application; includeInIndex = 0; path = SeSAC0523.app; sourceTree = BUILT_PRODUCTS_DIR; };
		B17C0F0E2BFEC7A8007EEDE4 /* AppDelegate.swift */ = {isa = PBXFileReference; lastKnownFileType = sourcecode.swift; path = AppDelegate.swift; sourceTree = "<group>"; };
		B17C0F102BFEC7A8007EEDE4 /* SceneDelegate.swift */ = {isa = PBXFileReference; lastKnownFileType = sourcecode.swift; path = SceneDelegate.swift; sourceTree = "<group>"; };
		B17C0F122BFEC7A8007EEDE4 /* ViewController.swift */ = {isa = PBXFileReference; lastKnownFileType = sourcecode.swift; path = ViewController.swift; sourceTree = "<group>"; };
		B17C0F152BFEC7A8007EEDE4 /* Base */ = {isa = PBXFileReference; lastKnownFileType = file.storyboard; name = Base; path = Base.lproj/Main.storyboard; sourceTree = "<group>"; };
		B17C0F172BFEC7AA007EEDE4 /* Assets.xcassets */ = {isa = PBXFileReference; lastKnownFileType = folder.assetcatalog; path = Assets.xcassets; sourceTree = "<group>"; };
		B17C0F1A2BFEC7AA007EEDE4 /* Base */ = {isa = PBXFileReference; lastKnownFileType = file.storyboard; name = Base; path = Base.lproj/LaunchScreen.storyboard; sourceTree = "<group>"; };
		B17C0F1C2BFEC7AA007EEDE4 /* Info.plist */ = {isa = PBXFileReference; lastKnownFileType = text.plist.xml; path = Info.plist; sourceTree = "<group>"; };
		B17C0F222BFED9AA007EEDE4 /* HateViewController.swift */ = {isa = PBXFileReference; lastKnownFileType = sourcecode.swift; path = HateViewController.swift; sourceTree = "<group>"; };
		B17C0F242BFEEB2E007EEDE4 /* ModalViewController.swift */ = {isa = PBXFileReference; lastKnownFileType = sourcecode.swift; path = ModalViewController.swift; sourceTree = "<group>"; };
		B17C0F262BFEEB3B007EEDE4 /* ShowViewController.swift */ = {isa = PBXFileReference; lastKnownFileType = sourcecode.swift; path = ShowViewController.swift; sourceTree = "<group>"; };
		B17C0F282BFF05F8007EEDE4 /* Todo.storyboard */ = {isa = PBXFileReference; lastKnownFileType = file.storyboard; path = Todo.storyboard; sourceTree = "<group>"; };
		B17C0F2A2BFF06BD007EEDE4 /* Search.storyboard */ = {isa = PBXFileReference; lastKnownFileType = file.storyboard; path = Search.storyboard; sourceTree = "<group>"; };
		B17C0F2C2BFF161B007EEDE4 /* SimpleTableViewController.swift */ = {isa = PBXFileReference; lastKnownFileType = sourcecode.swift; path = SimpleTableViewController.swift; sourceTree = "<group>"; };
		B189AAD72C041FC6008A11D9 /* Restaurant.swift */ = {isa = PBXFileReference; fileEncoding = 4; lastKnownFileType = sourcecode.swift; path = Restaurant.swift; sourceTree = "<group>"; };
		B189AADD2C0437B4008A11D9 /* UIViewController+Extension.swift */ = {isa = PBXFileReference; lastKnownFileType = sourcecode.swift; path = "UIViewController+Extension.swift"; sourceTree = "<group>"; };
		B189AADF2C0439CF008A11D9 /* UILabel+Extension.swift */ = {isa = PBXFileReference; lastKnownFileType = sourcecode.swift; path = "UILabel+Extension.swift"; sourceTree = "<group>"; };
		B1C5D85B2C002DD5006F28FD /* TodoTableViewController.swift */ = {isa = PBXFileReference; lastKnownFileType = sourcecode.swift; path = TodoTableViewController.swift; sourceTree = "<group>"; };
		B1C5D85F2C005DA7006F28FD /* SearchTableViewController.swift */ = {isa = PBXFileReference; lastKnownFileType = sourcecode.swift; path = SearchTableViewController.swift; sourceTree = "<group>"; };
		B1C5D8642C005E03006F28FD /* SearchTableViewCell.swift */ = {isa = PBXFileReference; lastKnownFileType = sourcecode.swift; path = SearchTableViewCell.swift; sourceTree = "<group>"; };
/* End PBXFileReference section */

/* Begin PBXFrameworksBuildPhase section */
		B17C0F082BFEC7A8007EEDE4 /* Frameworks */ = {
			isa = PBXFrameworksBuildPhase;
			buildActionMask = 2147483647;
			files = (
				B189AADC2C042B42008A11D9 /* Kingfisher in Frameworks */,
			);
			runOnlyForDeploymentPostprocessing = 0;
		};
/* End PBXFrameworksBuildPhase section */

/* Begin PBXGroup section */
		B17C0F022BFEC7A8007EEDE4 = {
			isa = PBXGroup;
			children = (
				B17C0F0D2BFEC7A8007EEDE4 /* SeSAC0523 */,
				B17C0F0C2BFEC7A8007EEDE4 /* Products */,
			);
			sourceTree = "<group>";
		};
		B17C0F0C2BFEC7A8007EEDE4 /* Products */ = {
			isa = PBXGroup;
			children = (
				B17C0F0B2BFEC7A8007EEDE4 /* SeSAC0523.app */,
			);
			name = Products;
			sourceTree = "<group>";
		};
		B17C0F0D2BFEC7A8007EEDE4 /* SeSAC0523 */ = {
			isa = PBXGroup;
			children = (
				B17C0F122BFEC7A8007EEDE4 /* ViewController.swift */,
				B17C0F142BFEC7A8007EEDE4 /* Main.storyboard */,
				B17C0F192BFEC7AA007EEDE4 /* LaunchScreen.storyboard */,
				B17C0F102BFEC7A8007EEDE4 /* SceneDelegate.swift */,
				B17C0F0E2BFEC7A8007EEDE4 /* AppDelegate.swift */,
				B17C0F172BFEC7AA007EEDE4 /* Assets.xcassets */,
				B17C0F1C2BFEC7AA007EEDE4 /* Info.plist */,
				B189AAE42C045592008A11D9 /* TableViewTest */,
				B189AAE22C045544008A11D9 /* Extension */,
				B189AAE32C045571008A11D9 /* LifeCycleTest */,
				B189AAE12C045534008A11D9 /* Search */,
				B189AAD92C041FE2008A11D9 /* FoodView */,
			);
			path = SeSAC0523;
			sourceTree = "<group>";
		};
		B189AAD92C041FE2008A11D9 /* FoodView */ = {
			isa = PBXGroup;
			children = (
				B17865ED2C040E3C0087C8A4 /* FoodViewController.swift */,
				B17C0F282BFF05F8007EEDE4 /* Todo.storyboard */,
				B17865F02C0418280087C8A4 /* FoodTableViewCell.xib */,
				B189AAD72C041FC6008A11D9 /* Restaurant.swift */,
				B17865EF2C0418280087C8A4 /* FoodTableViewCell.swift */,
			);
			path = FoodView;
			sourceTree = "<group>";
		};
		B189AAE12C045534008A11D9 /* Search */ = {
			isa = PBXGroup;
			children = (
				B1C5D85F2C005DA7006F28FD /* SearchTableViewController.swift */,
				B1C5D8642C005E03006F28FD /* SearchTableViewCell.swift */,
				B17C0F2A2BFF06BD007EEDE4 /* Search.storyboard */,
			);
			path = Search;
			sourceTree = "<group>";
		};
		B189AAE22C045544008A11D9 /* Extension */ = {
			isa = PBXGroup;
			children = (
				B189AADF2C0439CF008A11D9 /* UILabel+Extension.swift */,
				B189AADD2C0437B4008A11D9 /* UIViewController+Extension.swift */,
			);
			path = Extension;
			sourceTree = "<group>";
		};
		B189AAE32C045571008A11D9 /* LifeCycleTest */ = {
			isa = PBXGroup;
			children = (
				B17C0F242BFEEB2E007EEDE4 /* ModalViewController.swift */,
				B17C0F262BFEEB3B007EEDE4 /* ShowViewController.swift */,
				B17C0F222BFED9AA007EEDE4 /* HateViewController.swift */,
			);
			path = LifeCycleTest;
			sourceTree = "<group>";
		};
		B189AAE42C045592008A11D9 /* TableViewTest */ = {
			isa = PBXGroup;
			children = (
				B1C5D85B2C002DD5006F28FD /* TodoTableViewController.swift */,
				B17C0F2C2BFF161B007EEDE4 /* SimpleTableViewController.swift */,
			);
			path = TableViewTest;
			sourceTree = "<group>";
		};
/* End PBXGroup section */

/* Begin PBXNativeTarget section */
		B17C0F0A2BFEC7A8007EEDE4 /* SeSAC0523 */ = {
			isa = PBXNativeTarget;
			buildConfigurationList = B17C0F1F2BFEC7AA007EEDE4 /* Build configuration list for PBXNativeTarget "SeSAC0523" */;
			buildPhases = (
				B17C0F072BFEC7A8007EEDE4 /* Sources */,
				B17C0F082BFEC7A8007EEDE4 /* Frameworks */,
				B17C0F092BFEC7A8007EEDE4 /* Resources */,
			);
			buildRules = (
			);
			dependencies = (
			);
			name = SeSAC0523;
			packageProductDependencies = (
				B189AADB2C042B42008A11D9 /* Kingfisher */,
			);
			productName = SeSAC0523;
			productReference = B17C0F0B2BFEC7A8007EEDE4 /* SeSAC0523.app */;
			productType = "com.apple.product-type.application";
		};
/* End PBXNativeTarget section */

/* Begin PBXProject section */
		B17C0F032BFEC7A8007EEDE4 /* Project object */ = {
			isa = PBXProject;
			attributes = {
				BuildIndependentTargetsInParallel = 1;
				LastSwiftUpdateCheck = 1520;
				LastUpgradeCheck = 1520;
				TargetAttributes = {
					B17C0F0A2BFEC7A8007EEDE4 = {
						CreatedOnToolsVersion = 15.2;
					};
				};
			};
			buildConfigurationList = B17C0F062BFEC7A8007EEDE4 /* Build configuration list for PBXProject "SeSAC0523" */;
			compatibilityVersion = "Xcode 14.0";
			developmentRegion = en;
			hasScannedForEncodings = 0;
			knownRegions = (
				en,
				Base,
			);
			mainGroup = B17C0F022BFEC7A8007EEDE4;
			packageReferences = (
				B189AADA2C042B42008A11D9 /* XCRemoteSwiftPackageReference "Kingfisher" */,
			);
			productRefGroup = B17C0F0C2BFEC7A8007EEDE4 /* Products */;
			projectDirPath = "";
			projectRoot = "";
			targets = (
				B17C0F0A2BFEC7A8007EEDE4 /* SeSAC0523 */,
			);
		};
/* End PBXProject section */

/* Begin PBXResourcesBuildPhase section */
		B17C0F092BFEC7A8007EEDE4 /* Resources */ = {
			isa = PBXResourcesBuildPhase;
			buildActionMask = 2147483647;
			files = (
				B17C0F292BFF05F8007EEDE4 /* Todo.storyboard in Resources */,
				B17C0F1B2BFEC7AA007EEDE4 /* LaunchScreen.storyboard in Resources */,
				B17C0F182BFEC7AA007EEDE4 /* Assets.xcassets in Resources */,
				B17C0F162BFEC7A8007EEDE4 /* Main.storyboard in Resources */,
				B17C0F2B2BFF06BD007EEDE4 /* Search.storyboard in Resources */,
				B17865F22C0418280087C8A4 /* FoodTableViewCell.xib in Resources */,
			);
			runOnlyForDeploymentPostprocessing = 0;
		};
/* End PBXResourcesBuildPhase section */

/* Begin PBXSourcesBuildPhase section */
		B17C0F072BFEC7A8007EEDE4 /* Sources */ = {
			isa = PBXSourcesBuildPhase;
			buildActionMask = 2147483647;
			files = (
				B189AAD82C041FC6008A11D9 /* Restaurant.swift in Sources */,
				B17C0F232BFED9AA007EEDE4 /* HateViewController.swift in Sources */,
				B189AAE02C0439CF008A11D9 /* UILabel+Extension.swift in Sources */,
				B1C5D8602C005DA7006F28FD /* SearchTableViewController.swift in Sources */,
				B1C5D8652C005E03006F28FD /* SearchTableViewCell.swift in Sources */,
				B189AADE2C0437B4008A11D9 /* UIViewController+Extension.swift in Sources */,
				B17865EE2C040E3C0087C8A4 /* FoodViewController.swift in Sources */,
				B17C0F252BFEEB2E007EEDE4 /* ModalViewController.swift in Sources */,
				B17865F12C0418280087C8A4 /* FoodTableViewCell.swift in Sources */,
				B17C0F132BFEC7A8007EEDE4 /* ViewController.swift in Sources */,
				B17C0F0F2BFEC7A8007EEDE4 /* AppDelegate.swift in Sources */,
				B17C0F2D2BFF161B007EEDE4 /* SimpleTableViewController.swift in Sources */,
				B1C5D85C2C002DD5006F28FD /* TodoTableViewController.swift in Sources */,
				B17C0F112BFEC7A8007EEDE4 /* SceneDelegate.swift in Sources */,
				B17C0F272BFEEB3B007EEDE4 /* ShowViewController.swift in Sources */,
			);
			runOnlyForDeploymentPostprocessing = 0;
		};
/* End PBXSourcesBuildPhase section */

/* Begin PBXVariantGroup section */
		B17C0F142BFEC7A8007EEDE4 /* Main.storyboard */ = {
			isa = PBXVariantGroup;
			children = (
				B17C0F152BFEC7A8007EEDE4 /* Base */,
			);
			name = Main.storyboard;
			sourceTree = "<group>";
		};
		B17C0F192BFEC7AA007EEDE4 /* LaunchScreen.storyboard */ = {
			isa = PBXVariantGroup;
			children = (
				B17C0F1A2BFEC7AA007EEDE4 /* Base */,
			);
			name = LaunchScreen.storyboard;
			sourceTree = "<group>";
		};
/* End PBXVariantGroup section */

/* Begin XCBuildConfiguration section */
		B17C0F1D2BFEC7AA007EEDE4 /* Debug */ = {
			isa = XCBuildConfiguration;
			buildSettings = {
				ALWAYS_SEARCH_USER_PATHS = NO;
				ASSETCATALOG_COMPILER_GENERATE_SWIFT_ASSET_SYMBOL_EXTENSIONS = YES;
				CLANG_ANALYZER_NONNULL = YES;
				CLANG_ANALYZER_NUMBER_OBJECT_CONVERSION = YES_AGGRESSIVE;
				CLANG_CXX_LANGUAGE_STANDARD = "gnu++20";
				CLANG_ENABLE_MODULES = YES;
				CLANG_ENABLE_OBJC_ARC = YES;
				CLANG_ENABLE_OBJC_WEAK = YES;
				CLANG_WARN_BLOCK_CAPTURE_AUTORELEASING = YES;
				CLANG_WARN_BOOL_CONVERSION = YES;
				CLANG_WARN_COMMA = YES;
				CLANG_WARN_CONSTANT_CONVERSION = YES;
				CLANG_WARN_DEPRECATED_OBJC_IMPLEMENTATIONS = YES;
				CLANG_WARN_DIRECT_OBJC_ISA_USAGE = YES_ERROR;
				CLANG_WARN_DOCUMENTATION_COMMENTS = YES;
				CLANG_WARN_EMPTY_BODY = YES;
				CLANG_WARN_ENUM_CONVERSION = YES;
				CLANG_WARN_INFINITE_RECURSION = YES;
				CLANG_WARN_INT_CONVERSION = YES;
				CLANG_WARN_NON_LITERAL_NULL_CONVERSION = YES;
				CLANG_WARN_OBJC_IMPLICIT_RETAIN_SELF = YES;
				CLANG_WARN_OBJC_LITERAL_CONVERSION = YES;
				CLANG_WARN_OBJC_ROOT_CLASS = YES_ERROR;
				CLANG_WARN_QUOTED_INCLUDE_IN_FRAMEWORK_HEADER = YES;
				CLANG_WARN_RANGE_LOOP_ANALYSIS = YES;
				CLANG_WARN_STRICT_PROTOTYPES = YES;
				CLANG_WARN_SUSPICIOUS_MOVE = YES;
				CLANG_WARN_UNGUARDED_AVAILABILITY = YES_AGGRESSIVE;
				CLANG_WARN_UNREACHABLE_CODE = YES;
				CLANG_WARN__DUPLICATE_METHOD_MATCH = YES;
				COPY_PHASE_STRIP = NO;
				DEBUG_INFORMATION_FORMAT = dwarf;
				ENABLE_STRICT_OBJC_MSGSEND = YES;
				ENABLE_TESTABILITY = YES;
				ENABLE_USER_SCRIPT_SANDBOXING = YES;
				GCC_C_LANGUAGE_STANDARD = gnu17;
				GCC_DYNAMIC_NO_PIC = NO;
				GCC_NO_COMMON_BLOCKS = YES;
				GCC_OPTIMIZATION_LEVEL = 0;
				GCC_PREPROCESSOR_DEFINITIONS = (
					"DEBUG=1",
					"$(inherited)",
				);
				GCC_WARN_64_TO_32_BIT_CONVERSION = YES;
				GCC_WARN_ABOUT_RETURN_TYPE = YES_ERROR;
				GCC_WARN_UNDECLARED_SELECTOR = YES;
				GCC_WARN_UNINITIALIZED_AUTOS = YES_AGGRESSIVE;
				GCC_WARN_UNUSED_FUNCTION = YES;
				GCC_WARN_UNUSED_VARIABLE = YES;
				IPHONEOS_DEPLOYMENT_TARGET = 17.2;
				LOCALIZATION_PREFERS_STRING_CATALOGS = YES;
				MTL_ENABLE_DEBUG_INFO = INCLUDE_SOURCE;
				MTL_FAST_MATH = YES;
				ONLY_ACTIVE_ARCH = YES;
				SDKROOT = iphoneos;
				SWIFT_ACTIVE_COMPILATION_CONDITIONS = "DEBUG $(inherited)";
				SWIFT_OPTIMIZATION_LEVEL = "-Onone";
			};
			name = Debug;
		};
		B17C0F1E2BFEC7AA007EEDE4 /* Release */ = {
			isa = XCBuildConfiguration;
			buildSettings = {
				ALWAYS_SEARCH_USER_PATHS = NO;
				ASSETCATALOG_COMPILER_GENERATE_SWIFT_ASSET_SYMBOL_EXTENSIONS = YES;
				CLANG_ANALYZER_NONNULL = YES;
				CLANG_ANALYZER_NUMBER_OBJECT_CONVERSION = YES_AGGRESSIVE;
				CLANG_CXX_LANGUAGE_STANDARD = "gnu++20";
				CLANG_ENABLE_MODULES = YES;
				CLANG_ENABLE_OBJC_ARC = YES;
				CLANG_ENABLE_OBJC_WEAK = YES;
				CLANG_WARN_BLOCK_CAPTURE_AUTORELEASING = YES;
				CLANG_WARN_BOOL_CONVERSION = YES;
				CLANG_WARN_COMMA = YES;
				CLANG_WARN_CONSTANT_CONVERSION = YES;
				CLANG_WARN_DEPRECATED_OBJC_IMPLEMENTATIONS = YES;
				CLANG_WARN_DIRECT_OBJC_ISA_USAGE = YES_ERROR;
				CLANG_WARN_DOCUMENTATION_COMMENTS = YES;
				CLANG_WARN_EMPTY_BODY = YES;
				CLANG_WARN_ENUM_CONVERSION = YES;
				CLANG_WARN_INFINITE_RECURSION = YES;
				CLANG_WARN_INT_CONVERSION = YES;
				CLANG_WARN_NON_LITERAL_NULL_CONVERSION = YES;
				CLANG_WARN_OBJC_IMPLICIT_RETAIN_SELF = YES;
				CLANG_WARN_OBJC_LITERAL_CONVERSION = YES;
				CLANG_WARN_OBJC_ROOT_CLASS = YES_ERROR;
				CLANG_WARN_QUOTED_INCLUDE_IN_FRAMEWORK_HEADER = YES;
				CLANG_WARN_RANGE_LOOP_ANALYSIS = YES;
				CLANG_WARN_STRICT_PROTOTYPES = YES;
				CLANG_WARN_SUSPICIOUS_MOVE = YES;
				CLANG_WARN_UNGUARDED_AVAILABILITY = YES_AGGRESSIVE;
				CLANG_WARN_UNREACHABLE_CODE = YES;
				CLANG_WARN__DUPLICATE_METHOD_MATCH = YES;
				COPY_PHASE_STRIP = NO;
				DEBUG_INFORMATION_FORMAT = "dwarf-with-dsym";
				ENABLE_NS_ASSERTIONS = NO;
				ENABLE_STRICT_OBJC_MSGSEND = YES;
				ENABLE_USER_SCRIPT_SANDBOXING = YES;
				GCC_C_LANGUAGE_STANDARD = gnu17;
				GCC_NO_COMMON_BLOCKS = YES;
				GCC_WARN_64_TO_32_BIT_CONVERSION = YES;
				GCC_WARN_ABOUT_RETURN_TYPE = YES_ERROR;
				GCC_WARN_UNDECLARED_SELECTOR = YES;
				GCC_WARN_UNINITIALIZED_AUTOS = YES_AGGRESSIVE;
				GCC_WARN_UNUSED_FUNCTION = YES;
				GCC_WARN_UNUSED_VARIABLE = YES;
				IPHONEOS_DEPLOYMENT_TARGET = 17.2;
				LOCALIZATION_PREFERS_STRING_CATALOGS = YES;
				MTL_ENABLE_DEBUG_INFO = NO;
				MTL_FAST_MATH = YES;
				SDKROOT = iphoneos;
				SWIFT_COMPILATION_MODE = wholemodule;
				VALIDATE_PRODUCT = YES;
			};
			name = Release;
		};
		B17C0F202BFEC7AA007EEDE4 /* Debug */ = {
			isa = XCBuildConfiguration;
			buildSettings = {
				ASSETCATALOG_COMPILER_APPICON_NAME = AppIcon;
				ASSETCATALOG_COMPILER_GLOBAL_ACCENT_COLOR_NAME = AccentColor;
				CODE_SIGN_STYLE = Automatic;
				CURRENT_PROJECT_VERSION = 1;
				DEVELOPMENT_TEAM = A8L5QZ969G;
				GENERATE_INFOPLIST_FILE = YES;
				INFOPLIST_FILE = SeSAC0523/Info.plist;
				INFOPLIST_KEY_CFBundleDisplayName = "새싹8일차";
				INFOPLIST_KEY_UIApplicationSupportsIndirectInputEvents = YES;
				INFOPLIST_KEY_UILaunchStoryboardName = LaunchScreen;
				INFOPLIST_KEY_UIMainStoryboardFile = Main;
				INFOPLIST_KEY_UISupportedInterfaceOrientations_iPad = "UIInterfaceOrientationPortrait UIInterfaceOrientationPortraitUpsideDown UIInterfaceOrientationLandscapeLeft UIInterfaceOrientationLandscapeRight";
				INFOPLIST_KEY_UISupportedInterfaceOrientations_iPhone = "UIInterfaceOrientationPortrait UIInterfaceOrientationLandscapeLeft UIInterfaceOrientationLandscapeRight";
				LD_RUNPATH_SEARCH_PATHS = (
					"$(inherited)",
					"@executable_path/Frameworks",
				);
				MARKETING_VERSION = 1.0;
				PRODUCT_BUNDLE_IDENTIFIER = com.thanky.SeSAC0523;
				PRODUCT_NAME = "$(TARGET_NAME)";
				SUPPORTED_PLATFORMS = "iphoneos iphonesimulator";
				SUPPORTS_MACCATALYST = NO;
				SUPPORTS_MAC_DESIGNED_FOR_IPHONE_IPAD = NO;
				SUPPORTS_XR_DESIGNED_FOR_IPHONE_IPAD = NO;
				SWIFT_EMIT_LOC_STRINGS = YES;
				SWIFT_VERSION = 5.0;
				TARGETED_DEVICE_FAMILY = 1;
			};
			name = Debug;
		};
		B17C0F212BFEC7AA007EEDE4 /* Release */ = {
			isa = XCBuildConfiguration;
			buildSettings = {
				ASSETCATALOG_COMPILER_APPICON_NAME = AppIcon;
				ASSETCATALOG_COMPILER_GLOBAL_ACCENT_COLOR_NAME = AccentColor;
				CODE_SIGN_STYLE = Automatic;
				CURRENT_PROJECT_VERSION = 1;
				DEVELOPMENT_TEAM = A8L5QZ969G;
				GENERATE_INFOPLIST_FILE = YES;
				INFOPLIST_FILE = SeSAC0523/Info.plist;
				INFOPLIST_KEY_CFBundleDisplayName = "새싹8일차";
				INFOPLIST_KEY_UIApplicationSupportsIndirectInputEvents = YES;
				INFOPLIST_KEY_UILaunchStoryboardName = LaunchScreen;
				INFOPLIST_KEY_UIMainStoryboardFile = Main;
				INFOPLIST_KEY_UISupportedInterfaceOrientations_iPad = "UIInterfaceOrientationPortrait UIInterfaceOrientationPortraitUpsideDown UIInterfaceOrientationLandscapeLeft UIInterfaceOrientationLandscapeRight";
				INFOPLIST_KEY_UISupportedInterfaceOrientations_iPhone = "UIInterfaceOrientationPortrait UIInterfaceOrientationLandscapeLeft UIInterfaceOrientationLandscapeRight";
				LD_RUNPATH_SEARCH_PATHS = (
					"$(inherited)",
					"@executable_path/Frameworks",
				);
				MARKETING_VERSION = 1.0;
				PRODUCT_BUNDLE_IDENTIFIER = com.thanky.SeSAC0523;
				PRODUCT_NAME = "$(TARGET_NAME)";
				SUPPORTED_PLATFORMS = "iphoneos iphonesimulator";
				SUPPORTS_MACCATALYST = NO;
				SUPPORTS_MAC_DESIGNED_FOR_IPHONE_IPAD = NO;
				SUPPORTS_XR_DESIGNED_FOR_IPHONE_IPAD = NO;
				SWIFT_EMIT_LOC_STRINGS = YES;
				SWIFT_VERSION = 5.0;
				TARGETED_DEVICE_FAMILY = 1;
			};
			name = Release;
		};
/* End XCBuildConfiguration section */

/* Begin XCConfigurationList section */
		B17C0F062BFEC7A8007EEDE4 /* Build configuration list for PBXProject "SeSAC0523" */ = {
			isa = XCConfigurationList;
			buildConfigurations = (
				B17C0F1D2BFEC7AA007EEDE4 /* Debug */,
				B17C0F1E2BFEC7AA007EEDE4 /* Release */,
			);
			defaultConfigurationIsVisible = 0;
			defaultConfigurationName = Release;
		};
		B17C0F1F2BFEC7AA007EEDE4 /* Build configuration list for PBXNativeTarget "SeSAC0523" */ = {
			isa = XCConfigurationList;
			buildConfigurations = (
				B17C0F202BFEC7AA007EEDE4 /* Debug */,
				B17C0F212BFEC7AA007EEDE4 /* Release */,
			);
			defaultConfigurationIsVisible = 0;
			defaultConfigurationName = Release;
		};
/* End XCConfigurationList section */

/* Begin XCRemoteSwiftPackageReference section */
		B189AADA2C042B42008A11D9 /* XCRemoteSwiftPackageReference "Kingfisher" */ = {
			isa = XCRemoteSwiftPackageReference;
			repositoryURL = "https://github.com/onevcat/Kingfisher";
			requirement = {
				kind = upToNextMajorVersion;
				minimumVersion = 7.11.0;
			};
		};
/* End XCRemoteSwiftPackageReference section */

/* Begin XCSwiftPackageProductDependency section */
		B189AADB2C042B42008A11D9 /* Kingfisher */ = {
			isa = XCSwiftPackageProductDependency;
			package = B189AADA2C042B42008A11D9 /* XCRemoteSwiftPackageReference "Kingfisher" */;
			productName = Kingfisher;
		};
/* End XCSwiftPackageProductDependency section */
	};
	rootObject = B17C0F032BFEC7A8007EEDE4 /* Project object */;
}
