// !$*UTF8*$!
{
	archiveVersion = 1;
	classes = {
	};
	objectVersion = 56;
	objects = {

/* Begin PBXBuildFile section */
		B155412C2C0E990F00DAAB37 /* FrameViewController.swift in Sources */ = {isa = PBXBuildFile; fileRef = B155412B2C0E990F00DAAB37 /* FrameViewController.swift */; };
		B155412E2C0EA2A700DAAB37 /* ConstraintsViewController.swift in Sources */ = {isa = PBXBuildFile; fileRef = B155412D2C0EA2A700DAAB37 /* ConstraintsViewController.swift */; };
		B15541312C0EB1C000DAAB37 /* SnapKit in Frameworks */ = {isa = PBXBuildFile; productRef = B15541302C0EB1C000DAAB37 /* SnapKit */; };
		B15541332C0EB30900DAAB37 /* SnapViewController.swift in Sources */ = {isa = PBXBuildFile; fileRef = B15541322C0EB30900DAAB37 /* SnapViewController.swift */; };
		B15541352C0EBC2000DAAB37 /* Snap2ViewController.swift in Sources */ = {isa = PBXBuildFile; fileRef = B15541342C0EBC2000DAAB37 /* Snap2ViewController.swift */; };
		B15541382C0EED5200DAAB37 /* LottoViewController.swift in Sources */ = {isa = PBXBuildFile; fileRef = B15541372C0EED5200DAAB37 /* LottoViewController.swift */; };
		B155413B2C0EEDC800DAAB37 /* Alamofire in Frameworks */ = {isa = PBXBuildFile; productRef = B155413A2C0EEDC800DAAB37 /* Alamofire */; };
		B1642E242C24039A003032F9 /* NetworkManager.swift in Sources */ = {isa = PBXBuildFile; fileRef = B1642E232C24039A003032F9 /* NetworkManager.swift */; };
		B1972ECA2C0D43880004AE2C /* AppDelegate.swift in Sources */ = {isa = PBXBuildFile; fileRef = B1972EC92C0D43880004AE2C /* AppDelegate.swift */; };
		B1972ECC2C0D43880004AE2C /* SceneDelegate.swift in Sources */ = {isa = PBXBuildFile; fileRef = B1972ECB2C0D43880004AE2C /* SceneDelegate.swift */; };
		B1972ECE2C0D43880004AE2C /* ViewController.swift in Sources */ = {isa = PBXBuildFile; fileRef = B1972ECD2C0D43880004AE2C /* ViewController.swift */; };
		B1972ED12C0D43880004AE2C /* Main.storyboard in Resources */ = {isa = PBXBuildFile; fileRef = B1972ECF2C0D43880004AE2C /* Main.storyboard */; };
		B1972ED32C0D438A0004AE2C /* Assets.xcassets in Resources */ = {isa = PBXBuildFile; fileRef = B1972ED22C0D438A0004AE2C /* Assets.xcassets */; };
		B1972ED62C0D438A0004AE2C /* LaunchScreen.storyboard in Resources */ = {isa = PBXBuildFile; fileRef = B1972ED42C0D438A0004AE2C /* LaunchScreen.storyboard */; };
		B1972EE22C0D45880004AE2C /* ReusableProtocol.swift in Sources */ = {isa = PBXBuildFile; fileRef = B1972EE12C0D45880004AE2C /* ReusableProtocol.swift */; };
		B1972EE52C0D54C40004AE2C /* BasicTableViewCell.swift in Sources */ = {isa = PBXBuildFile; fileRef = B1972EE32C0D54C40004AE2C /* BasicTableViewCell.swift */; };
		B1972EE62C0D54C40004AE2C /* BasicTableViewCell.xib in Resources */ = {isa = PBXBuildFile; fileRef = B1972EE42C0D54C40004AE2C /* BasicTableViewCell.xib */; };
		B1972EE82C0D57E20004AE2C /* UIColor+Extension.swift in Sources */ = {isa = PBXBuildFile; fileRef = B1972EE72C0D57E20004AE2C /* UIColor+Extension.swift */; };
		B1972EEA2C0D5A290004AE2C /* UserViewController.swift in Sources */ = {isa = PBXBuildFile; fileRef = B1972EE92C0D5A290004AE2C /* UserViewController.swift */; };
		B1972EEC2C0D5F2A0004AE2C /* AddEditViewController.swift in Sources */ = {isa = PBXBuildFile; fileRef = B1972EEB2C0D5F2A0004AE2C /* AddEditViewController.swift */; };
/* End PBXBuildFile section */

/* Begin PBXFileReference section */
		B155412B2C0E990F00DAAB37 /* FrameViewController.swift */ = {isa = PBXFileReference; lastKnownFileType = sourcecode.swift; path = FrameViewController.swift; sourceTree = "<group>"; };
		B155412D2C0EA2A700DAAB37 /* ConstraintsViewController.swift */ = {isa = PBXFileReference; lastKnownFileType = sourcecode.swift; path = ConstraintsViewController.swift; sourceTree = "<group>"; };
		B15541322C0EB30900DAAB37 /* SnapViewController.swift */ = {isa = PBXFileReference; lastKnownFileType = sourcecode.swift; path = SnapViewController.swift; sourceTree = "<group>"; };
		B15541342C0EBC2000DAAB37 /* Snap2ViewController.swift */ = {isa = PBXFileReference; lastKnownFileType = sourcecode.swift; path = Snap2ViewController.swift; sourceTree = "<group>"; };
		B15541372C0EED5200DAAB37 /* LottoViewController.swift */ = {isa = PBXFileReference; lastKnownFileType = sourcecode.swift; path = LottoViewController.swift; sourceTree = "<group>"; };
		B1642E232C24039A003032F9 /* NetworkManager.swift */ = {isa = PBXFileReference; lastKnownFileType = sourcecode.swift; path = NetworkManager.swift; sourceTree = "<group>"; };
		B1972EC62C0D43880004AE2C /* SeSAC5NetworkBasic.app */ = {isa = PBXFileReference; explicitFileType = wrapper.application; includeInIndex = 0; path = SeSAC5NetworkBasic.app; sourceTree = BUILT_PRODUCTS_DIR; };
		B1972EC92C0D43880004AE2C /* AppDelegate.swift */ = {isa = PBXFileReference; lastKnownFileType = sourcecode.swift; path = AppDelegate.swift; sourceTree = "<group>"; };
		B1972ECB2C0D43880004AE2C /* SceneDelegate.swift */ = {isa = PBXFileReference; lastKnownFileType = sourcecode.swift; path = SceneDelegate.swift; sourceTree = "<group>"; };
		B1972ECD2C0D43880004AE2C /* ViewController.swift */ = {isa = PBXFileReference; lastKnownFileType = sourcecode.swift; path = ViewController.swift; sourceTree = "<group>"; };
		B1972ED02C0D43880004AE2C /* Base */ = {isa = PBXFileReference; lastKnownFileType = file.storyboard; name = Base; path = Base.lproj/Main.storyboard; sourceTree = "<group>"; };
		B1972ED22C0D438A0004AE2C /* Assets.xcassets */ = {isa = PBXFileReference; lastKnownFileType = folder.assetcatalog; path = Assets.xcassets; sourceTree = "<group>"; };
		B1972ED52C0D438A0004AE2C /* Base */ = {isa = PBXFileReference; lastKnownFileType = file.storyboard; name = Base; path = Base.lproj/LaunchScreen.storyboard; sourceTree = "<group>"; };
		B1972ED72C0D438A0004AE2C /* Info.plist */ = {isa = PBXFileReference; lastKnownFileType = text.plist.xml; path = Info.plist; sourceTree = "<group>"; };
		B1972EE12C0D45880004AE2C /* ReusableProtocol.swift */ = {isa = PBXFileReference; lastKnownFileType = sourcecode.swift; path = ReusableProtocol.swift; sourceTree = "<group>"; };
		B1972EE32C0D54C40004AE2C /* BasicTableViewCell.swift */ = {isa = PBXFileReference; lastKnownFileType = sourcecode.swift; path = BasicTableViewCell.swift; sourceTree = "<group>"; };
		B1972EE42C0D54C40004AE2C /* BasicTableViewCell.xib */ = {isa = PBXFileReference; lastKnownFileType = file.xib; path = BasicTableViewCell.xib; sourceTree = "<group>"; };
		B1972EE72C0D57E20004AE2C /* UIColor+Extension.swift */ = {isa = PBXFileReference; lastKnownFileType = sourcecode.swift; path = "UIColor+Extension.swift"; sourceTree = "<group>"; };
		B1972EE92C0D5A290004AE2C /* UserViewController.swift */ = {isa = PBXFileReference; lastKnownFileType = sourcecode.swift; path = UserViewController.swift; sourceTree = "<group>"; };
		B1972EEB2C0D5F2A0004AE2C /* AddEditViewController.swift */ = {isa = PBXFileReference; lastKnownFileType = sourcecode.swift; path = AddEditViewController.swift; sourceTree = "<group>"; };
/* End PBXFileReference section */

/* Begin PBXFrameworksBuildPhase section */
		B1972EC32C0D43880004AE2C /* Frameworks */ = {
			isa = PBXFrameworksBuildPhase;
			buildActionMask = 2147483647;
			files = (
				B15541312C0EB1C000DAAB37 /* SnapKit in Frameworks */,
				B155413B2C0EEDC800DAAB37 /* Alamofire in Frameworks */,
			);
			runOnlyForDeploymentPostprocessing = 0;
		};
/* End PBXFrameworksBuildPhase section */

/* Begin PBXGroup section */
		B155412A2C0E98B900DAAB37 /* Codebase */ = {
			isa = PBXGroup;
			children = (
				B155412B2C0E990F00DAAB37 /* FrameViewController.swift */,
				B155412D2C0EA2A700DAAB37 /* ConstraintsViewController.swift */,
				B15541322C0EB30900DAAB37 /* SnapViewController.swift */,
				B15541342C0EBC2000DAAB37 /* Snap2ViewController.swift */,
			);
			path = Codebase;
			sourceTree = "<group>";
		};
		B15541362C0EED3A00DAAB37 /* NetworkBasic */ = {
			isa = PBXGroup;
			children = (
				B15541372C0EED5200DAAB37 /* LottoViewController.swift */,
				B1642E232C24039A003032F9 /* NetworkManager.swift */,
			);
			path = NetworkBasic;
			sourceTree = "<group>";
		};
		B1972EBD2C0D43880004AE2C = {
			isa = PBXGroup;
			children = (
				B1972EC82C0D43880004AE2C /* SeSAC5NetworkBasic */,
				B1972EC72C0D43880004AE2C /* Products */,
			);
			sourceTree = "<group>";
		};
		B1972EC72C0D43880004AE2C /* Products */ = {
			isa = PBXGroup;
			children = (
				B1972EC62C0D43880004AE2C /* SeSAC5NetworkBasic.app */,
			);
			name = Products;
			sourceTree = "<group>";
		};
		B1972EC82C0D43880004AE2C /* SeSAC5NetworkBasic */ = {
			isa = PBXGroup;
			children = (
				B15541362C0EED3A00DAAB37 /* NetworkBasic */,
				B155412A2C0E98B900DAAB37 /* Codebase */,
				B1972ECF2C0D43880004AE2C /* Main.storyboard */,
				B1972EC92C0D43880004AE2C /* AppDelegate.swift */,
				B1972ECB2C0D43880004AE2C /* SceneDelegate.swift */,
				B1972EEF2C0D5F790004AE2C /* ViewController */,
				B1972EF12C0D6F970004AE2C /* Enums */,
				B1972EEE2C0D5F6F0004AE2C /* Protocol */,
				B1972EED2C0D5F630004AE2C /* Extension */,
				B1972ED22C0D438A0004AE2C /* Assets.xcassets */,
				B1972ED42C0D438A0004AE2C /* LaunchScreen.storyboard */,
				B1972ED72C0D438A0004AE2C /* Info.plist */,
			);
			path = SeSAC5NetworkBasic;
			sourceTree = "<group>";
		};
		B1972EED2C0D5F630004AE2C /* Extension */ = {
			isa = PBXGroup;
			children = (
				B1972EE72C0D57E20004AE2C /* UIColor+Extension.swift */,
			);
			path = Extension;
			sourceTree = "<group>";
		};
		B1972EEE2C0D5F6F0004AE2C /* Protocol */ = {
			isa = PBXGroup;
			children = (
				B1972EE12C0D45880004AE2C /* ReusableProtocol.swift */,
			);
			path = Protocol;
			sourceTree = "<group>";
		};
		B1972EEF2C0D5F790004AE2C /* ViewController */ = {
			isa = PBXGroup;
			children = (
				B1972EF02C0D5F990004AE2C /* Cell */,
				B1972ECD2C0D43880004AE2C /* ViewController.swift */,
				B1972EE92C0D5A290004AE2C /* UserViewController.swift */,
				B1972EEB2C0D5F2A0004AE2C /* AddEditViewController.swift */,
			);
			path = ViewController;
			sourceTree = "<group>";
		};
		B1972EF02C0D5F990004AE2C /* Cell */ = {
			isa = PBXGroup;
			children = (
				B1972EE42C0D54C40004AE2C /* BasicTableViewCell.xib */,
				B1972EE32C0D54C40004AE2C /* BasicTableViewCell.swift */,
			);
			path = Cell;
			sourceTree = "<group>";
		};
		B1972EF12C0D6F970004AE2C /* Enums */ = {
			isa = PBXGroup;
			children = (
			);
			path = Enums;
			sourceTree = "<group>";
		};
/* End PBXGroup section */

/* Begin PBXNativeTarget section */
		B1972EC52C0D43880004AE2C /* SeSAC5NetworkBasic */ = {
			isa = PBXNativeTarget;
			buildConfigurationList = B1972EDA2C0D438A0004AE2C /* Build configuration list for PBXNativeTarget "SeSAC5NetworkBasic" */;
			buildPhases = (
				B1972EC22C0D43880004AE2C /* Sources */,
				B1972EC32C0D43880004AE2C /* Frameworks */,
				B1972EC42C0D43880004AE2C /* Resources */,
			);
			buildRules = (
			);
			dependencies = (
			);
			name = SeSAC5NetworkBasic;
			packageProductDependencies = (
				B15541302C0EB1C000DAAB37 /* SnapKit */,
				B155413A2C0EEDC800DAAB37 /* Alamofire */,
			);
			productName = SeSAC5NetworkBasic;
			productReference = B1972EC62C0D43880004AE2C /* SeSAC5NetworkBasic.app */;
			productType = "com.apple.product-type.application";
		};
/* End PBXNativeTarget section */

/* Begin PBXProject section */
		B1972EBE2C0D43880004AE2C /* Project object */ = {
			isa = PBXProject;
			attributes = {
				BuildIndependentTargetsInParallel = 1;
				LastSwiftUpdateCheck = 1520;
				LastUpgradeCheck = 1520;
				TargetAttributes = {
					B1972EC52C0D43880004AE2C = {
						CreatedOnToolsVersion = 15.2;
					};
				};
			};
			buildConfigurationList = B1972EC12C0D43880004AE2C /* Build configuration list for PBXProject "SeSAC5NetworkBasic" */;
			compatibilityVersion = "Xcode 14.0";
			developmentRegion = en;
			hasScannedForEncodings = 0;
			knownRegions = (
				en,
				Base,
			);
			mainGroup = B1972EBD2C0D43880004AE2C;
			packageReferences = (
				B155412F2C0EB1C000DAAB37 /* XCRemoteSwiftPackageReference "SnapKit" */,
				B15541392C0EEDC800DAAB37 /* XCRemoteSwiftPackageReference "Alamofire" */,
			);
			productRefGroup = B1972EC72C0D43880004AE2C /* Products */;
			projectDirPath = "";
			projectRoot = "";
			targets = (
				B1972EC52C0D43880004AE2C /* SeSAC5NetworkBasic */,
			);
		};
/* End PBXProject section */

/* Begin PBXResourcesBuildPhase section */
		B1972EC42C0D43880004AE2C /* Resources */ = {
			isa = PBXResourcesBuildPhase;
			buildActionMask = 2147483647;
			files = (
				B1972EE62C0D54C40004AE2C /* BasicTableViewCell.xib in Resources */,
				B1972ED62C0D438A0004AE2C /* LaunchScreen.storyboard in Resources */,
				B1972ED32C0D438A0004AE2C /* Assets.xcassets in Resources */,
				B1972ED12C0D43880004AE2C /* Main.storyboard in Resources */,
			);
			runOnlyForDeploymentPostprocessing = 0;
		};
/* End PBXResourcesBuildPhase section */

/* Begin PBXSourcesBuildPhase section */
		B1972EC22C0D43880004AE2C /* Sources */ = {
			isa = PBXSourcesBuildPhase;
			buildActionMask = 2147483647;
			files = (
				B1972EEA2C0D5A290004AE2C /* UserViewController.swift in Sources */,
				B1972ECE2C0D43880004AE2C /* ViewController.swift in Sources */,
				B1972EE22C0D45880004AE2C /* ReusableProtocol.swift in Sources */,
				B15541332C0EB30900DAAB37 /* SnapViewController.swift in Sources */,
				B155412C2C0E990F00DAAB37 /* FrameViewController.swift in Sources */,
				B1972ECA2C0D43880004AE2C /* AppDelegate.swift in Sources */,
				B1972EEC2C0D5F2A0004AE2C /* AddEditViewController.swift in Sources */,
				B1972EE82C0D57E20004AE2C /* UIColor+Extension.swift in Sources */,
				B1972ECC2C0D43880004AE2C /* SceneDelegate.swift in Sources */,
				B1972EE52C0D54C40004AE2C /* BasicTableViewCell.swift in Sources */,
				B1642E242C24039A003032F9 /* NetworkManager.swift in Sources */,
				B155412E2C0EA2A700DAAB37 /* ConstraintsViewController.swift in Sources */,
				B15541382C0EED5200DAAB37 /* LottoViewController.swift in Sources */,
				B15541352C0EBC2000DAAB37 /* Snap2ViewController.swift in Sources */,
			);
			runOnlyForDeploymentPostprocessing = 0;
		};
/* End PBXSourcesBuildPhase section */

/* Begin PBXVariantGroup section */
		B1972ECF2C0D43880004AE2C /* Main.storyboard */ = {
			isa = PBXVariantGroup;
			children = (
				B1972ED02C0D43880004AE2C /* Base */,
			);
			name = Main.storyboard;
			sourceTree = "<group>";
		};
		B1972ED42C0D438A0004AE2C /* LaunchScreen.storyboard */ = {
			isa = PBXVariantGroup;
			children = (
				B1972ED52C0D438A0004AE2C /* Base */,
			);
			name = LaunchScreen.storyboard;
			sourceTree = "<group>";
		};
/* End PBXVariantGroup section */

/* Begin XCBuildConfiguration section */
		B1972ED82C0D438A0004AE2C /* Debug */ = {
			isa = XCBuildConfiguration;
			buildSettings = {
				ALWAYS_SEARCH_USER_PATHS = NO;
				ASSETCATALOG_COMPILER_GENERATE_SWIFT_ASSET_SYMBOL_EXTENSIONS = YES;
				CLANG_ANALYZER_NONNULL = YES;
				CLANG_ANALYZER_NUMBER_OBJECT_CONVERSION = YES_AGGRESSIVE;
				CLANG_CXX_LANGUAGE_STANDARD = "gnu++20";
				CLANG_ENABLE_MODULES = YES;
				CLANG_ENABLE_OBJC_ARC = YES;
				CLANG_ENABLE_OBJC_WEAK = YES;
				CLANG_WARN_BLOCK_CAPTURE_AUTORELEASING = YES;
				CLANG_WARN_BOOL_CONVERSION = YES;
				CLANG_WARN_COMMA = YES;
				CLANG_WARN_CONSTANT_CONVERSION = YES;
				CLANG_WARN_DEPRECATED_OBJC_IMPLEMENTATIONS = YES;
				CLANG_WARN_DIRECT_OBJC_ISA_USAGE = YES_ERROR;
				CLANG_WARN_DOCUMENTATION_COMMENTS = YES;
				CLANG_WARN_EMPTY_BODY = YES;
				CLANG_WARN_ENUM_CONVERSION = YES;
				CLANG_WARN_INFINITE_RECURSION = YES;
				CLANG_WARN_INT_CONVERSION = YES;
				CLANG_WARN_NON_LITERAL_NULL_CONVERSION = YES;
				CLANG_WARN_OBJC_IMPLICIT_RETAIN_SELF = YES;
				CLANG_WARN_OBJC_LITERAL_CONVERSION = YES;
				CLANG_WARN_OBJC_ROOT_CLASS = YES_ERROR;
				CLANG_WARN_QUOTED_INCLUDE_IN_FRAMEWORK_HEADER = YES;
				CLANG_WARN_RANGE_LOOP_ANALYSIS = YES;
				CLANG_WARN_STRICT_PROTOTYPES = YES;
				CLANG_WARN_SUSPICIOUS_MOVE = YES;
				CLANG_WARN_UNGUARDED_AVAILABILITY = YES_AGGRESSIVE;
				CLANG_WARN_UNREACHABLE_CODE = YES;
				CLANG_WARN__DUPLICATE_METHOD_MATCH = YES;
				COPY_PHASE_STRIP = NO;
				DEBUG_INFORMATION_FORMAT = dwarf;
				ENABLE_STRICT_OBJC_MSGSEND = YES;
				ENABLE_TESTABILITY = YES;
				ENABLE_USER_SCRIPT_SANDBOXING = YES;
				GCC_C_LANGUAGE_STANDARD = gnu17;
				GCC_DYNAMIC_NO_PIC = NO;
				GCC_NO_COMMON_BLOCKS = YES;
				GCC_OPTIMIZATION_LEVEL = 0;
				GCC_PREPROCESSOR_DEFINITIONS = (
					"DEBUG=1",
					"$(inherited)",
				);
				GCC_WARN_64_TO_32_BIT_CONVERSION = YES;
				GCC_WARN_ABOUT_RETURN_TYPE = YES_ERROR;
				GCC_WARN_UNDECLARED_SELECTOR = YES;
				GCC_WARN_UNINITIALIZED_AUTOS = YES_AGGRESSIVE;
				GCC_WARN_UNUSED_FUNCTION = YES;
				GCC_WARN_UNUSED_VARIABLE = YES;
				IPHONEOS_DEPLOYMENT_TARGET = 17.2;
				LOCALIZATION_PREFERS_STRING_CATALOGS = YES;
				MTL_ENABLE_DEBUG_INFO = INCLUDE_SOURCE;
				MTL_FAST_MATH = YES;
				ONLY_ACTIVE_ARCH = YES;
				SDKROOT = iphoneos;
				SWIFT_ACTIVE_COMPILATION_CONDITIONS = "DEBUG $(inherited)";
				SWIFT_OPTIMIZATION_LEVEL = "-Onone";
			};
			name = Debug;
		};
		B1972ED92C0D438A0004AE2C /* Release */ = {
			isa = XCBuildConfiguration;
			buildSettings = {
				ALWAYS_SEARCH_USER_PATHS = NO;
				ASSETCATALOG_COMPILER_GENERATE_SWIFT_ASSET_SYMBOL_EXTENSIONS = YES;
				CLANG_ANALYZER_NONNULL = YES;
				CLANG_ANALYZER_NUMBER_OBJECT_CONVERSION = YES_AGGRESSIVE;
				CLANG_CXX_LANGUAGE_STANDARD = "gnu++20";
				CLANG_ENABLE_MODULES = YES;
				CLANG_ENABLE_OBJC_ARC = YES;
				CLANG_ENABLE_OBJC_WEAK = YES;
				CLANG_WARN_BLOCK_CAPTURE_AUTORELEASING = YES;
				CLANG_WARN_BOOL_CONVERSION = YES;
				CLANG_WARN_COMMA = YES;
				CLANG_WARN_CONSTANT_CONVERSION = YES;
				CLANG_WARN_DEPRECATED_OBJC_IMPLEMENTATIONS = YES;
				CLANG_WARN_DIRECT_OBJC_ISA_USAGE = YES_ERROR;
				CLANG_WARN_DOCUMENTATION_COMMENTS = YES;
				CLANG_WARN_EMPTY_BODY = YES;
				CLANG_WARN_ENUM_CONVERSION = YES;
				CLANG_WARN_INFINITE_RECURSION = YES;
				CLANG_WARN_INT_CONVERSION = YES;
				CLANG_WARN_NON_LITERAL_NULL_CONVERSION = YES;
				CLANG_WARN_OBJC_IMPLICIT_RETAIN_SELF = YES;
				CLANG_WARN_OBJC_LITERAL_CONVERSION = YES;
				CLANG_WARN_OBJC_ROOT_CLASS = YES_ERROR;
				CLANG_WARN_QUOTED_INCLUDE_IN_FRAMEWORK_HEADER = YES;
				CLANG_WARN_RANGE_LOOP_ANALYSIS = YES;
				CLANG_WARN_STRICT_PROTOTYPES = YES;
				CLANG_WARN_SUSPICIOUS_MOVE = YES;
				CLANG_WARN_UNGUARDED_AVAILABILITY = YES_AGGRESSIVE;
				CLANG_WARN_UNREACHABLE_CODE = YES;
				CLANG_WARN__DUPLICATE_METHOD_MATCH = YES;
				COPY_PHASE_STRIP = NO;
				DEBUG_INFORMATION_FORMAT = "dwarf-with-dsym";
				ENABLE_NS_ASSERTIONS = NO;
				ENABLE_STRICT_OBJC_MSGSEND = YES;
				ENABLE_USER_SCRIPT_SANDBOXING = YES;
				GCC_C_LANGUAGE_STANDARD = gnu17;
				GCC_NO_COMMON_BLOCKS = YES;
				GCC_WARN_64_TO_32_BIT_CONVERSION = YES;
				GCC_WARN_ABOUT_RETURN_TYPE = YES_ERROR;
				GCC_WARN_UNDECLARED_SELECTOR = YES;
				GCC_WARN_UNINITIALIZED_AUTOS = YES_AGGRESSIVE;
				GCC_WARN_UNUSED_FUNCTION = YES;
				GCC_WARN_UNUSED_VARIABLE = YES;
				IPHONEOS_DEPLOYMENT_TARGET = 17.2;
				LOCALIZATION_PREFERS_STRING_CATALOGS = YES;
				MTL_ENABLE_DEBUG_INFO = NO;
				MTL_FAST_MATH = YES;
				SDKROOT = iphoneos;
				SWIFT_COMPILATION_MODE = wholemodule;
				VALIDATE_PRODUCT = YES;
			};
			name = Release;
		};
		B1972EDB2C0D438A0004AE2C /* Debug */ = {
			isa = XCBuildConfiguration;
			buildSettings = {
				ASSETCATALOG_COMPILER_APPICON_NAME = AppIcon;
				ASSETCATALOG_COMPILER_GLOBAL_ACCENT_COLOR_NAME = AccentColor;
				CODE_SIGN_STYLE = Automatic;
				CURRENT_PROJECT_VERSION = 1;
				DEVELOPMENT_TEAM = A8L5QZ969G;
				GENERATE_INFOPLIST_FILE = YES;
				INFOPLIST_FILE = SeSAC5NetworkBasic/Info.plist;
				INFOPLIST_KEY_UIApplicationSupportsIndirectInputEvents = YES;
				INFOPLIST_KEY_UILaunchStoryboardName = LaunchScreen;
				INFOPLIST_KEY_UIMainStoryboardFile = Main;
				INFOPLIST_KEY_UISupportedInterfaceOrientations_iPad = "UIInterfaceOrientationPortrait UIInterfaceOrientationPortraitUpsideDown UIInterfaceOrientationLandscapeLeft UIInterfaceOrientationLandscapeRight";
				INFOPLIST_KEY_UISupportedInterfaceOrientations_iPhone = "UIInterfaceOrientationPortrait UIInterfaceOrientationLandscapeLeft UIInterfaceOrientationLandscapeRight";
				IPHONEOS_DEPLOYMENT_TARGET = 16.2;
				LD_RUNPATH_SEARCH_PATHS = (
					"$(inherited)",
					"@executable_path/Frameworks",
				);
				MARKETING_VERSION = 1.0;
				PRODUCT_BUNDLE_IDENTIFIER = com.thanky.SeSAC5NetworkBasic;
				PRODUCT_NAME = "$(TARGET_NAME)";
				SUPPORTED_PLATFORMS = "iphoneos iphonesimulator";
				SUPPORTS_MACCATALYST = NO;
				SUPPORTS_MAC_DESIGNED_FOR_IPHONE_IPAD = NO;
				SUPPORTS_XR_DESIGNED_FOR_IPHONE_IPAD = NO;
				SWIFT_EMIT_LOC_STRINGS = YES;
				SWIFT_VERSION = 5.0;
				TARGETED_DEVICE_FAMILY = 1;
			};
			name = Debug;
		};
		B1972EDC2C0D438A0004AE2C /* Release */ = {
			isa = XCBuildConfiguration;
			buildSettings = {
				ASSETCATALOG_COMPILER_APPICON_NAME = AppIcon;
				ASSETCATALOG_COMPILER_GLOBAL_ACCENT_COLOR_NAME = AccentColor;
				CODE_SIGN_STYLE = Automatic;
				CURRENT_PROJECT_VERSION = 1;
				DEVELOPMENT_TEAM = A8L5QZ969G;
				GENERATE_INFOPLIST_FILE = YES;
				INFOPLIST_FILE = SeSAC5NetworkBasic/Info.plist;
				INFOPLIST_KEY_UIApplicationSupportsIndirectInputEvents = YES;
				INFOPLIST_KEY_UILaunchStoryboardName = LaunchScreen;
				INFOPLIST_KEY_UIMainStoryboardFile = Main;
				INFOPLIST_KEY_UISupportedInterfaceOrientations_iPad = "UIInterfaceOrientationPortrait UIInterfaceOrientationPortraitUpsideDown UIInterfaceOrientationLandscapeLeft UIInterfaceOrientationLandscapeRight";
				INFOPLIST_KEY_UISupportedInterfaceOrientations_iPhone = "UIInterfaceOrientationPortrait UIInterfaceOrientationLandscapeLeft UIInterfaceOrientationLandscapeRight";
				IPHONEOS_DEPLOYMENT_TARGET = 16.2;
				LD_RUNPATH_SEARCH_PATHS = (
					"$(inherited)",
					"@executable_path/Frameworks",
				);
				MARKETING_VERSION = 1.0;
				PRODUCT_BUNDLE_IDENTIFIER = com.thanky.SeSAC5NetworkBasic;
				PRODUCT_NAME = "$(TARGET_NAME)";
				SUPPORTED_PLATFORMS = "iphoneos iphonesimulator";
				SUPPORTS_MACCATALYST = NO;
				SUPPORTS_MAC_DESIGNED_FOR_IPHONE_IPAD = NO;
				SUPPORTS_XR_DESIGNED_FOR_IPHONE_IPAD = NO;
				SWIFT_EMIT_LOC_STRINGS = YES;
				SWIFT_VERSION = 5.0;
				TARGETED_DEVICE_FAMILY = 1;
			};
			name = Release;
		};
/* End XCBuildConfiguration section */

/* Begin XCConfigurationList section */
		B1972EC12C0D43880004AE2C /* Build configuration list for PBXProject "SeSAC5NetworkBasic" */ = {
			isa = XCConfigurationList;
			buildConfigurations = (
				B1972ED82C0D438A0004AE2C /* Debug */,
				B1972ED92C0D438A0004AE2C /* Release */,
			);
			defaultConfigurationIsVisible = 0;
			defaultConfigurationName = Release;
		};
		B1972EDA2C0D438A0004AE2C /* Build configuration list for PBXNativeTarget "SeSAC5NetworkBasic" */ = {
			isa = XCConfigurationList;
			buildConfigurations = (
				B1972EDB2C0D438A0004AE2C /* Debug */,
				B1972EDC2C0D438A0004AE2C /* Release */,
			);
			defaultConfigurationIsVisible = 0;
			defaultConfigurationName = Release;
		};
/* End XCConfigurationList section */

/* Begin XCRemoteSwiftPackageReference section */
		B155412F2C0EB1C000DAAB37 /* XCRemoteSwiftPackageReference "SnapKit" */ = {
			isa = XCRemoteSwiftPackageReference;
			repositoryURL = "https://github.com/SnapKit/SnapKit";
			requirement = {
				kind = upToNextMajorVersion;
				minimumVersion = 5.7.1;
			};
		};
		B15541392C0EEDC800DAAB37 /* XCRemoteSwiftPackageReference "Alamofire" */ = {
			isa = XCRemoteSwiftPackageReference;
			repositoryURL = "https://github.com/Alamofire/Alamofire.git";
			requirement = {
				kind = upToNextMajorVersion;
				minimumVersion = 5.9.1;
			};
		};
/* End XCRemoteSwiftPackageReference section */

/* Begin XCSwiftPackageProductDependency section */
		B15541302C0EB1C000DAAB37 /* SnapKit */ = {
			isa = XCSwiftPackageProductDependency;
			package = B155412F2C0EB1C000DAAB37 /* XCRemoteSwiftPackageReference "SnapKit" */;
			productName = SnapKit;
		};
		B155413A2C0EEDC800DAAB37 /* Alamofire */ = {
			isa = XCSwiftPackageProductDependency;
			package = B15541392C0EEDC800DAAB37 /* XCRemoteSwiftPackageReference "Alamofire" */;
			productName = Alamofire;
		};
/* End XCSwiftPackageProductDependency section */
	};
	rootObject = B1972EBE2C0D43880004AE2C /* Project object */;
}
