// !$*UTF8*$!
{
	archiveVersion = 1;
	classes = {
	};
	objectVersion = 56;
	objects = {

/* Begin PBXBuildFile section */
		B122F12A2C0AED59001B7D0B /* TravelChatTableViewCell.swift in Sources */ = {isa = PBXBuildFile; fileRef = B122F1282C0AED59001B7D0B /* TravelChatTableViewCell.swift */; };
		B122F12B2C0AED59001B7D0B /* TravelChatTableViewCell.xib in Resources */ = {isa = PBXBuildFile; fileRef = B122F1292C0AED59001B7D0B /* TravelChatTableViewCell.xib */; };
		B122F12E2C0AF6E6001B7D0B /* OthersChatTableViewCell.swift in Sources */ = {isa = PBXBuildFile; fileRef = B122F12C2C0AF6E6001B7D0B /* OthersChatTableViewCell.swift */; };
		B122F12F2C0AF6E6001B7D0B /* OthersChatTableViewCell.xib in Resources */ = {isa = PBXBuildFile; fileRef = B122F12D2C0AF6E6001B7D0B /* OthersChatTableViewCell.xib */; };
		B122F1322C0AF6F8001B7D0B /* MyChatTableViewCell.swift in Sources */ = {isa = PBXBuildFile; fileRef = B122F1302C0AF6F8001B7D0B /* MyChatTableViewCell.swift */; };
		B122F1332C0AF6F8001B7D0B /* MyChatTableViewCell.xib in Resources */ = {isa = PBXBuildFile; fileRef = B122F1312C0AF6F8001B7D0B /* MyChatTableViewCell.xib */; };
		B122F1352C0AF749001B7D0B /* DetailTravelChatViewController.swift in Sources */ = {isa = PBXBuildFile; fileRef = B122F1342C0AF749001B7D0B /* DetailTravelChatViewController.swift */; };
		B15721FA2C0AD97C00D1CE59 /* ChattingData.swift in Sources */ = {isa = PBXBuildFile; fileRef = B15721F92C0AD97C00D1CE59 /* ChattingData.swift */; };
		B15721FC2C0ADA5900D1CE59 /* TravelChat.storyboard in Resources */ = {isa = PBXBuildFile; fileRef = B15721FB2C0ADA5900D1CE59 /* TravelChat.storyboard */; };
		B15721FE2C0ADA8700D1CE59 /* TravelChatViewController.swift in Sources */ = {isa = PBXBuildFile; fileRef = B15721FD2C0ADA8700D1CE59 /* TravelChatViewController.swift */; };
		B18257952C0228AE003926A7 /* AppDelegate.swift in Sources */ = {isa = PBXBuildFile; fileRef = B18257942C0228AE003926A7 /* AppDelegate.swift */; };
		B18257972C0228AE003926A7 /* SceneDelegate.swift in Sources */ = {isa = PBXBuildFile; fileRef = B18257962C0228AE003926A7 /* SceneDelegate.swift */; };
		B18257992C0228AE003926A7 /* ViewController.swift in Sources */ = {isa = PBXBuildFile; fileRef = B18257982C0228AE003926A7 /* ViewController.swift */; };
		B182579C2C0228AE003926A7 /* Main.storyboard in Resources */ = {isa = PBXBuildFile; fileRef = B182579A2C0228AE003926A7 /* Main.storyboard */; };
		B182579E2C0228B0003926A7 /* Assets.xcassets in Resources */ = {isa = PBXBuildFile; fileRef = B182579D2C0228B0003926A7 /* Assets.xcassets */; };
		B18257A12C0228B0003926A7 /* LaunchScreen.storyboard in Resources */ = {isa = PBXBuildFile; fileRef = B182579F2C0228B0003926A7 /* LaunchScreen.storyboard */; };
		B18257AA2C022AFC003926A7 /* Restaurant.swift in Sources */ = {isa = PBXBuildFile; fileRef = B18257A82C022AFC003926A7 /* Restaurant.swift */; };
		B18257AB2C022AFC003926A7 /* MagazineInfo.swift in Sources */ = {isa = PBXBuildFile; fileRef = B18257A92C022AFC003926A7 /* MagazineInfo.swift */; };
		B18257B12C022D83003926A7 /* Home.storyboard in Resources */ = {isa = PBXBuildFile; fileRef = B18257B02C022D83003926A7 /* Home.storyboard */; };
		B18257B32C022DB8003926A7 /* SearchRestaurant.storyboard in Resources */ = {isa = PBXBuildFile; fileRef = B18257B22C022DB8003926A7 /* SearchRestaurant.storyboard */; };
		B18257B52C023BDF003926A7 /* HomeTableViewController.swift in Sources */ = {isa = PBXBuildFile; fileRef = B18257B42C023BDF003926A7 /* HomeTableViewController.swift */; };
		B18257B72C023C5B003926A7 /* HomeTableViewCell.swift in Sources */ = {isa = PBXBuildFile; fileRef = B18257B62C023C5B003926A7 /* HomeTableViewCell.swift */; };
		B18257BA2C02434E003926A7 /* Kingfisher in Frameworks */ = {isa = PBXBuildFile; productRef = B18257B92C02434E003926A7 /* Kingfisher */; };
		B18257C72C025A10003926A7 /* Pretendard-Regular.otf in Resources */ = {isa = PBXBuildFile; fileRef = B18257BE2C025A0F003926A7 /* Pretendard-Regular.otf */; };
		B18257C82C025A10003926A7 /* Pretendard-ExtraLight.otf in Resources */ = {isa = PBXBuildFile; fileRef = B18257BF2C025A0F003926A7 /* Pretendard-ExtraLight.otf */; };
		B18257C92C025A10003926A7 /* Pretendard-ExtraBold.otf in Resources */ = {isa = PBXBuildFile; fileRef = B18257C02C025A0F003926A7 /* Pretendard-ExtraBold.otf */; };
		B18257CA2C025A10003926A7 /* Pretendard-Black.otf in Resources */ = {isa = PBXBuildFile; fileRef = B18257C12C025A10003926A7 /* Pretendard-Black.otf */; };
		B18257CB2C025A10003926A7 /* Pretendard-Light.otf in Resources */ = {isa = PBXBuildFile; fileRef = B18257C22C025A10003926A7 /* Pretendard-Light.otf */; };
		B18257CC2C025A10003926A7 /* Pretendard-Medium.otf in Resources */ = {isa = PBXBuildFile; fileRef = B18257C32C025A10003926A7 /* Pretendard-Medium.otf */; };
		B18257CD2C025A10003926A7 /* Pretendard-SemiBold.otf in Resources */ = {isa = PBXBuildFile; fileRef = B18257C42C025A10003926A7 /* Pretendard-SemiBold.otf */; };
		B18257CE2C025A10003926A7 /* Pretendard-Thin.otf in Resources */ = {isa = PBXBuildFile; fileRef = B18257C52C025A10003926A7 /* Pretendard-Thin.otf */; };
		B18257CF2C025A10003926A7 /* Pretendard-Bold.otf in Resources */ = {isa = PBXBuildFile; fileRef = B18257C62C025A10003926A7 /* Pretendard-Bold.otf */; };
		B18257D12C0265CA003926A7 /* SearchRestaurantTableViewCell.swift in Sources */ = {isa = PBXBuildFile; fileRef = B18257D02C0265CA003926A7 /* SearchRestaurantTableViewCell.swift */; };
		B18257D52C026E11003926A7 /* SearchRestaurantViewController.swift in Sources */ = {isa = PBXBuildFile; fileRef = B18257D42C026E11003926A7 /* SearchRestaurantViewController.swift */; };
		B18257D72C0271BF003926A7 /* SearchRestaurantTableViewController.swift in Sources */ = {isa = PBXBuildFile; fileRef = B18257D62C0271BF003926A7 /* SearchRestaurantTableViewController.swift */; };
		B189AAE62C045D7C008A11D9 /* TravelModel.swift in Sources */ = {isa = PBXBuildFile; fileRef = B189AAE52C045D7C008A11D9 /* TravelModel.swift */; };
		B189AAE82C0461CB008A11D9 /* CityInfo.storyboard in Resources */ = {isa = PBXBuildFile; fileRef = B189AAE72C0461CB008A11D9 /* CityInfo.storyboard */; };
		B189AAEB2C046285008A11D9 /* CityInfoViewController.swift in Sources */ = {isa = PBXBuildFile; fileRef = B189AAEA2C046285008A11D9 /* CityInfoViewController.swift */; };
		B189AAEE2C046383008A11D9 /* CityInfoTableViewCell.swift in Sources */ = {isa = PBXBuildFile; fileRef = B189AAEC2C046383008A11D9 /* CityInfoTableViewCell.swift */; };
		B189AAEF2C046383008A11D9 /* CityInfoTableViewCell.xib in Resources */ = {isa = PBXBuildFile; fileRef = B189AAED2C046383008A11D9 /* CityInfoTableViewCell.xib */; };
		B189AAF22C04638F008A11D9 /* AdTableViewCell.swift in Sources */ = {isa = PBXBuildFile; fileRef = B189AAF02C04638F008A11D9 /* AdTableViewCell.swift */; };
		B189AAF32C04638F008A11D9 /* AdTableViewCell.xib in Resources */ = {isa = PBXBuildFile; fileRef = B189AAF12C04638F008A11D9 /* AdTableViewCell.xib */; };
		B189AAF62C0463D5008A11D9 /* Cosmos in Frameworks */ = {isa = PBXBuildFile; productRef = B189AAF52C0463D5008A11D9 /* Cosmos */; };
		B189AAF82C046E19008A11D9 /* UILabel+Extension.swift in Sources */ = {isa = PBXBuildFile; fileRef = B189AAF72C046E19008A11D9 /* UILabel+Extension.swift */; };
		B189AAFA2C047448008A11D9 /* UIImageView+Extension.swift in Sources */ = {isa = PBXBuildFile; fileRef = B189AAF92C047448008A11D9 /* UIImageView+Extension.swift */; };
		B189AAFC2C048B32008A11D9 /* UIView+Extension.swift in Sources */ = {isa = PBXBuildFile; fileRef = B189AAFB2C048B32008A11D9 /* UIView+Extension.swift */; };
		B189AAFE2C048BE8008A11D9 /* UIButton+Extension.swift in Sources */ = {isa = PBXBuildFile; fileRef = B189AAFD2C048BE8008A11D9 /* UIButton+Extension.swift */; };
		B1A7A9A62C079F3E007CF0FE /* AdViewController.swift in Sources */ = {isa = PBXBuildFile; fileRef = B1A7A9A52C079F3E007CF0FE /* AdViewController.swift */; };
		B1A7A9A82C079F73007CF0FE /* CityInfoDetailViewController.swift in Sources */ = {isa = PBXBuildFile; fileRef = B1A7A9A72C079F73007CF0FE /* CityInfoDetailViewController.swift */; };
/* End PBXBuildFile section */

/* Begin PBXFileReference section */
		B122F1282C0AED59001B7D0B /* TravelChatTableViewCell.swift */ = {isa = PBXFileReference; lastKnownFileType = sourcecode.swift; path = TravelChatTableViewCell.swift; sourceTree = "<group>"; };
		B122F1292C0AED59001B7D0B /* TravelChatTableViewCell.xib */ = {isa = PBXFileReference; lastKnownFileType = file.xib; path = TravelChatTableViewCell.xib; sourceTree = "<group>"; };
		B122F12C2C0AF6E6001B7D0B /* OthersChatTableViewCell.swift */ = {isa = PBXFileReference; lastKnownFileType = sourcecode.swift; path = OthersChatTableViewCell.swift; sourceTree = "<group>"; };
		B122F12D2C0AF6E6001B7D0B /* OthersChatTableViewCell.xib */ = {isa = PBXFileReference; lastKnownFileType = file.xib; path = OthersChatTableViewCell.xib; sourceTree = "<group>"; };
		B122F1302C0AF6F8001B7D0B /* MyChatTableViewCell.swift */ = {isa = PBXFileReference; lastKnownFileType = sourcecode.swift; path = MyChatTableViewCell.swift; sourceTree = "<group>"; };
		B122F1312C0AF6F8001B7D0B /* MyChatTableViewCell.xib */ = {isa = PBXFileReference; lastKnownFileType = file.xib; path = MyChatTableViewCell.xib; sourceTree = "<group>"; };
		B122F1342C0AF749001B7D0B /* DetailTravelChatViewController.swift */ = {isa = PBXFileReference; lastKnownFileType = sourcecode.swift; path = DetailTravelChatViewController.swift; sourceTree = "<group>"; };
		B15721F92C0AD97C00D1CE59 /* ChattingData.swift */ = {isa = PBXFileReference; fileEncoding = 4; lastKnownFileType = sourcecode.swift; path = ChattingData.swift; sourceTree = "<group>"; };
		B15721FB2C0ADA5900D1CE59 /* TravelChat.storyboard */ = {isa = PBXFileReference; lastKnownFileType = file.storyboard; path = TravelChat.storyboard; sourceTree = "<group>"; };
		B15721FD2C0ADA8700D1CE59 /* TravelChatViewController.swift */ = {isa = PBXFileReference; lastKnownFileType = sourcecode.swift; path = TravelChatViewController.swift; sourceTree = "<group>"; };
		B18257912C0228AE003926A7 /* TravelMagazine.app */ = {isa = PBXFileReference; explicitFileType = wrapper.application; includeInIndex = 0; path = TravelMagazine.app; sourceTree = BUILT_PRODUCTS_DIR; };
		B18257942C0228AE003926A7 /* AppDelegate.swift */ = {isa = PBXFileReference; lastKnownFileType = sourcecode.swift; path = AppDelegate.swift; sourceTree = "<group>"; };
		B18257962C0228AE003926A7 /* SceneDelegate.swift */ = {isa = PBXFileReference; lastKnownFileType = sourcecode.swift; path = SceneDelegate.swift; sourceTree = "<group>"; };
		B18257982C0228AE003926A7 /* ViewController.swift */ = {isa = PBXFileReference; lastKnownFileType = sourcecode.swift; path = ViewController.swift; sourceTree = "<group>"; };
		B182579B2C0228AE003926A7 /* Base */ = {isa = PBXFileReference; lastKnownFileType = file.storyboard; name = Base; path = Base.lproj/Main.storyboard; sourceTree = "<group>"; };
		B182579D2C0228B0003926A7 /* Assets.xcassets */ = {isa = PBXFileReference; lastKnownFileType = folder.assetcatalog; path = Assets.xcassets; sourceTree = "<group>"; };
		B18257A02C0228B0003926A7 /* Base */ = {isa = PBXFileReference; lastKnownFileType = file.storyboard; name = Base; path = Base.lproj/LaunchScreen.storyboard; sourceTree = "<group>"; };
		B18257A22C0228B0003926A7 /* Info.plist */ = {isa = PBXFileReference; lastKnownFileType = text.plist.xml; path = Info.plist; sourceTree = "<group>"; };
		B18257A82C022AFC003926A7 /* Restaurant.swift */ = {isa = PBXFileReference; fileEncoding = 4; lastKnownFileType = sourcecode.swift; path = Restaurant.swift; sourceTree = "<group>"; };
		B18257A92C022AFC003926A7 /* MagazineInfo.swift */ = {isa = PBXFileReference; fileEncoding = 4; lastKnownFileType = sourcecode.swift; path = MagazineInfo.swift; sourceTree = "<group>"; };
		B18257B02C022D83003926A7 /* Home.storyboard */ = {isa = PBXFileReference; lastKnownFileType = file.storyboard; path = Home.storyboard; sourceTree = "<group>"; };
		B18257B22C022DB8003926A7 /* SearchRestaurant.storyboard */ = {isa = PBXFileReference; lastKnownFileType = file.storyboard; path = SearchRestaurant.storyboard; sourceTree = "<group>"; };
		B18257B42C023BDF003926A7 /* HomeTableViewController.swift */ = {isa = PBXFileReference; lastKnownFileType = sourcecode.swift; path = HomeTableViewController.swift; sourceTree = "<group>"; };
		B18257B62C023C5B003926A7 /* HomeTableViewCell.swift */ = {isa = PBXFileReference; lastKnownFileType = sourcecode.swift; path = HomeTableViewCell.swift; sourceTree = "<group>"; };
		B18257BE2C025A0F003926A7 /* Pretendard-Regular.otf */ = {isa = PBXFileReference; lastKnownFileType = file; path = "Pretendard-Regular.otf"; sourceTree = "<group>"; };
		B18257BF2C025A0F003926A7 /* Pretendard-ExtraLight.otf */ = {isa = PBXFileReference; lastKnownFileType = file; path = "Pretendard-ExtraLight.otf"; sourceTree = "<group>"; };
		B18257C02C025A0F003926A7 /* Pretendard-ExtraBold.otf */ = {isa = PBXFileReference; lastKnownFileType = file; path = "Pretendard-ExtraBold.otf"; sourceTree = "<group>"; };
		B18257C12C025A10003926A7 /* Pretendard-Black.otf */ = {isa = PBXFileReference; lastKnownFileType = file; path = "Pretendard-Black.otf"; sourceTree = "<group>"; };
		B18257C22C025A10003926A7 /* Pretendard-Light.otf */ = {isa = PBXFileReference; lastKnownFileType = file; path = "Pretendard-Light.otf"; sourceTree = "<group>"; };
		B18257C32C025A10003926A7 /* Pretendard-Medium.otf */ = {isa = PBXFileReference; lastKnownFileType = file; path = "Pretendard-Medium.otf"; sourceTree = "<group>"; };
		B18257C42C025A10003926A7 /* Pretendard-SemiBold.otf */ = {isa = PBXFileReference; lastKnownFileType = file; path = "Pretendard-SemiBold.otf"; sourceTree = "<group>"; };
		B18257C52C025A10003926A7 /* Pretendard-Thin.otf */ = {isa = PBXFileReference; lastKnownFileType = file; path = "Pretendard-Thin.otf"; sourceTree = "<group>"; };
		B18257C62C025A10003926A7 /* Pretendard-Bold.otf */ = {isa = PBXFileReference; lastKnownFileType = file; path = "Pretendard-Bold.otf"; sourceTree = "<group>"; };
		B18257D02C0265CA003926A7 /* SearchRestaurantTableViewCell.swift */ = {isa = PBXFileReference; lastKnownFileType = sourcecode.swift; path = SearchRestaurantTableViewCell.swift; sourceTree = "<group>"; };
		B18257D42C026E11003926A7 /* SearchRestaurantViewController.swift */ = {isa = PBXFileReference; lastKnownFileType = sourcecode.swift; path = SearchRestaurantViewController.swift; sourceTree = "<group>"; };
		B18257D62C0271BF003926A7 /* SearchRestaurantTableViewController.swift */ = {isa = PBXFileReference; lastKnownFileType = sourcecode.swift; path = SearchRestaurantTableViewController.swift; sourceTree = "<group>"; };
		B189AAE52C045D7C008A11D9 /* TravelModel.swift */ = {isa = PBXFileReference; fileEncoding = 4; lastKnownFileType = sourcecode.swift; path = TravelModel.swift; sourceTree = "<group>"; };
		B189AAE72C0461CB008A11D9 /* CityInfo.storyboard */ = {isa = PBXFileReference; lastKnownFileType = file.storyboard; path = CityInfo.storyboard; sourceTree = "<group>"; };
		B189AAEA2C046285008A11D9 /* CityInfoViewController.swift */ = {isa = PBXFileReference; lastKnownFileType = sourcecode.swift; path = CityInfoViewController.swift; sourceTree = "<group>"; };
		B189AAEC2C046383008A11D9 /* CityInfoTableViewCell.swift */ = {isa = PBXFileReference; lastKnownFileType = sourcecode.swift; path = CityInfoTableViewCell.swift; sourceTree = "<group>"; };
		B189AAED2C046383008A11D9 /* CityInfoTableViewCell.xib */ = {isa = PBXFileReference; lastKnownFileType = file.xib; path = CityInfoTableViewCell.xib; sourceTree = "<group>"; };
		B189AAF02C04638F008A11D9 /* AdTableViewCell.swift */ = {isa = PBXFileReference; lastKnownFileType = sourcecode.swift; path = AdTableViewCell.swift; sourceTree = "<group>"; };
		B189AAF12C04638F008A11D9 /* AdTableViewCell.xib */ = {isa = PBXFileReference; lastKnownFileType = file.xib; path = AdTableViewCell.xib; sourceTree = "<group>"; };
		B189AAF72C046E19008A11D9 /* UILabel+Extension.swift */ = {isa = PBXFileReference; lastKnownFileType = sourcecode.swift; path = "UILabel+Extension.swift"; sourceTree = "<group>"; };
		B189AAF92C047448008A11D9 /* UIImageView+Extension.swift */ = {isa = PBXFileReference; lastKnownFileType = sourcecode.swift; path = "UIImageView+Extension.swift"; sourceTree = "<group>"; };
		B189AAFB2C048B32008A11D9 /* UIView+Extension.swift */ = {isa = PBXFileReference; lastKnownFileType = sourcecode.swift; path = "UIView+Extension.swift"; sourceTree = "<group>"; };
		B189AAFD2C048BE8008A11D9 /* UIButton+Extension.swift */ = {isa = PBXFileReference; lastKnownFileType = sourcecode.swift; path = "UIButton+Extension.swift"; sourceTree = "<group>"; };
		B1A7A9A52C079F3E007CF0FE /* AdViewController.swift */ = {isa = PBXFileReference; lastKnownFileType = sourcecode.swift; path = AdViewController.swift; sourceTree = "<group>"; };
		B1A7A9A72C079F73007CF0FE /* CityInfoDetailViewController.swift */ = {isa = PBXFileReference; lastKnownFileType = sourcecode.swift; path = CityInfoDetailViewController.swift; sourceTree = "<group>"; };
/* End PBXFileReference section */

/* Begin PBXFrameworksBuildPhase section */
		B182578E2C0228AE003926A7 /* Frameworks */ = {
			isa = PBXFrameworksBuildPhase;
			buildActionMask = 2147483647;
			files = (
				B189AAF62C0463D5008A11D9 /* Cosmos in Frameworks */,
				B18257BA2C02434E003926A7 /* Kingfisher in Frameworks */,
			);
			runOnlyForDeploymentPostprocessing = 0;
		};
/* End PBXFrameworksBuildPhase section */

/* Begin PBXGroup section */
		B122F1362C0AF758001B7D0B /* main */ = {
			isa = PBXGroup;
			children = (
				B15721FB2C0ADA5900D1CE59 /* TravelChat.storyboard */,
				B15721FD2C0ADA8700D1CE59 /* TravelChatViewController.swift */,
				B122F1292C0AED59001B7D0B /* TravelChatTableViewCell.xib */,
				B122F1282C0AED59001B7D0B /* TravelChatTableViewCell.swift */,
			);
			path = main;
			sourceTree = "<group>";
		};
		B122F1372C0AF761001B7D0B /* Detail */ = {
			isa = PBXGroup;
			children = (
				B122F1342C0AF749001B7D0B /* DetailTravelChatViewController.swift */,
				B122F1312C0AF6F8001B7D0B /* MyChatTableViewCell.xib */,
				B122F1302C0AF6F8001B7D0B /* MyChatTableViewCell.swift */,
				B122F12D2C0AF6E6001B7D0B /* OthersChatTableViewCell.xib */,
				B122F12C2C0AF6E6001B7D0B /* OthersChatTableViewCell.swift */,
			);
			path = Detail;
			sourceTree = "<group>";
		};
		B15721F82C0AD95900D1CE59 /* TravelChat */ = {
			isa = PBXGroup;
			children = (
				B15721F92C0AD97C00D1CE59 /* ChattingData.swift */,
				B122F1372C0AF761001B7D0B /* Detail */,
				B122F1362C0AF758001B7D0B /* main */,
			);
			path = TravelChat;
			sourceTree = "<group>";
		};
		B157A5D72C05C41B00122464 /* Extensions */ = {
			isa = PBXGroup;
			children = (
				B189AAF72C046E19008A11D9 /* UILabel+Extension.swift */,
				B189AAFD2C048BE8008A11D9 /* UIButton+Extension.swift */,
				B189AAFB2C048B32008A11D9 /* UIView+Extension.swift */,
				B189AAF92C047448008A11D9 /* UIImageView+Extension.swift */,
			);
			path = Extensions;
			sourceTree = "<group>";
		};
		B18257882C0228AE003926A7 = {
			isa = PBXGroup;
			children = (
				B18257932C0228AE003926A7 /* TravelMagazine */,
				B18257922C0228AE003926A7 /* Products */,
			);
			sourceTree = "<group>";
		};
		B18257922C0228AE003926A7 /* Products */ = {
			isa = PBXGroup;
			children = (
				B18257912C0228AE003926A7 /* TravelMagazine.app */,
			);
			name = Products;
			sourceTree = "<group>";
		};
		B18257932C0228AE003926A7 /* TravelMagazine */ = {
			isa = PBXGroup;
			children = (
				B182579F2C0228B0003926A7 /* LaunchScreen.storyboard */,
				B182579A2C0228AE003926A7 /* Main.storyboard */,
				B18257942C0228AE003926A7 /* AppDelegate.swift */,
				B18257962C0228AE003926A7 /* SceneDelegate.swift */,
				B18257982C0228AE003926A7 /* ViewController.swift */,
				B182579D2C0228B0003926A7 /* Assets.xcassets */,
				B18257A22C0228B0003926A7 /* Info.plist */,
				B15721F82C0AD95900D1CE59 /* TravelChat */,
				B18257BB2C025983003926A7 /* Home */,
				B157A5D72C05C41B00122464 /* Extensions */,
				B189AAE92C046255008A11D9 /* CityInfo */,
				B18257BC2C02599F003926A7 /* SearchRestaurant */,
				B18257BD2C025A01003926A7 /* Font */,
			);
			path = TravelMagazine;
			sourceTree = "<group>";
		};
		B18257BB2C025983003926A7 /* Home */ = {
			isa = PBXGroup;
			children = (
				B18257A92C022AFC003926A7 /* MagazineInfo.swift */,
				B18257B42C023BDF003926A7 /* HomeTableViewController.swift */,
				B18257B62C023C5B003926A7 /* HomeTableViewCell.swift */,
				B18257B02C022D83003926A7 /* Home.storyboard */,
			);
			path = Home;
			sourceTree = "<group>";
		};
		B18257BC2C02599F003926A7 /* SearchRestaurant */ = {
			isa = PBXGroup;
			children = (
				B18257A82C022AFC003926A7 /* Restaurant.swift */,
				B18257D42C026E11003926A7 /* SearchRestaurantViewController.swift */,
				B18257D02C0265CA003926A7 /* SearchRestaurantTableViewCell.swift */,
				B18257D62C0271BF003926A7 /* SearchRestaurantTableViewController.swift */,
				B18257B22C022DB8003926A7 /* SearchRestaurant.storyboard */,
			);
			path = SearchRestaurant;
			sourceTree = "<group>";
		};
		B18257BD2C025A01003926A7 /* Font */ = {
			isa = PBXGroup;
			children = (
				B18257C12C025A10003926A7 /* Pretendard-Black.otf */,
				B18257C62C025A10003926A7 /* Pretendard-Bold.otf */,
				B18257C02C025A0F003926A7 /* Pretendard-ExtraBold.otf */,
				B18257BF2C025A0F003926A7 /* Pretendard-ExtraLight.otf */,
				B18257C22C025A10003926A7 /* Pretendard-Light.otf */,
				B18257C32C025A10003926A7 /* Pretendard-Medium.otf */,
				B18257BE2C025A0F003926A7 /* Pretendard-Regular.otf */,
				B18257C42C025A10003926A7 /* Pretendard-SemiBold.otf */,
				B18257C52C025A10003926A7 /* Pretendard-Thin.otf */,
			);
			path = Font;
			sourceTree = "<group>";
		};
		B189AAE92C046255008A11D9 /* CityInfo */ = {
			isa = PBXGroup;
			children = (
				B189AAE52C045D7C008A11D9 /* TravelModel.swift */,
				B189AAE72C0461CB008A11D9 /* CityInfo.storyboard */,
				B1A7A9AA2C07A05D007CF0FE /* CityInfo */,
				B1A7A9A92C07A047007CF0FE /* Ad */,
				B189AAED2C046383008A11D9 /* CityInfoTableViewCell.xib */,
				B189AAF12C04638F008A11D9 /* AdTableViewCell.xib */,
			);
			path = CityInfo;
			sourceTree = "<group>";
		};
		B1A7A9A92C07A047007CF0FE /* Ad */ = {
			isa = PBXGroup;
			children = (
				B189AAF02C04638F008A11D9 /* AdTableViewCell.swift */,
				B1A7A9A52C079F3E007CF0FE /* AdViewController.swift */,
			);
			path = Ad;
			sourceTree = "<group>";
		};
		B1A7A9AA2C07A05D007CF0FE /* CityInfo */ = {
			isa = PBXGroup;
			children = (
				B189AAEC2C046383008A11D9 /* CityInfoTableViewCell.swift */,
				B1A7A9A72C079F73007CF0FE /* CityInfoDetailViewController.swift */,
				B189AAEA2C046285008A11D9 /* CityInfoViewController.swift */,
			);
			path = CityInfo;
			sourceTree = "<group>";
		};
/* End PBXGroup section */

/* Begin PBXNativeTarget section */
		B18257902C0228AE003926A7 /* TravelMagazine */ = {
			isa = PBXNativeTarget;
			buildConfigurationList = B18257A52C0228B0003926A7 /* Build configuration list for PBXNativeTarget "TravelMagazine" */;
			buildPhases = (
				B182578D2C0228AE003926A7 /* Sources */,
				B182578E2C0228AE003926A7 /* Frameworks */,
				B182578F2C0228AE003926A7 /* Resources */,
			);
			buildRules = (
			);
			dependencies = (
			);
			name = TravelMagazine;
			packageProductDependencies = (
				B18257B92C02434E003926A7 /* Kingfisher */,
				B189AAF52C0463D5008A11D9 /* Cosmos */,
			);
			productName = TravelMagazine;
			productReference = B18257912C0228AE003926A7 /* TravelMagazine.app */;
			productType = "com.apple.product-type.application";
		};
/* End PBXNativeTarget section */

/* Begin PBXProject section */
		B18257892C0228AE003926A7 /* Project object */ = {
			isa = PBXProject;
			attributes = {
				BuildIndependentTargetsInParallel = 1;
				LastSwiftUpdateCheck = 1520;
				LastUpgradeCheck = 1520;
				TargetAttributes = {
					B18257902C0228AE003926A7 = {
						CreatedOnToolsVersion = 15.2;
					};
				};
			};
			buildConfigurationList = B182578C2C0228AE003926A7 /* Build configuration list for PBXProject "TravelMagazine" */;
			compatibilityVersion = "Xcode 14.0";
			developmentRegion = en;
			hasScannedForEncodings = 0;
			knownRegions = (
				en,
				Base,
			);
			mainGroup = B18257882C0228AE003926A7;
			packageReferences = (
				B18257B82C02434E003926A7 /* XCRemoteSwiftPackageReference "Kingfisher" */,
				B189AAF42C0463D5008A11D9 /* XCRemoteSwiftPackageReference "Cosmos" */,
			);
			productRefGroup = B18257922C0228AE003926A7 /* Products */;
			projectDirPath = "";
			projectRoot = "";
			targets = (
				B18257902C0228AE003926A7 /* TravelMagazine */,
			);
		};
/* End PBXProject section */

/* Begin PBXResourcesBuildPhase section */
		B182578F2C0228AE003926A7 /* Resources */ = {
			isa = PBXResourcesBuildPhase;
			buildActionMask = 2147483647;
			files = (
				B15721FC2C0ADA5900D1CE59 /* TravelChat.storyboard in Resources */,
				B18257C82C025A10003926A7 /* Pretendard-ExtraLight.otf in Resources */,
				B122F1332C0AF6F8001B7D0B /* MyChatTableViewCell.xib in Resources */,
				B18257A12C0228B0003926A7 /* LaunchScreen.storyboard in Resources */,
				B189AAEF2C046383008A11D9 /* CityInfoTableViewCell.xib in Resources */,
				B189AAF32C04638F008A11D9 /* AdTableViewCell.xib in Resources */,
				B18257C92C025A10003926A7 /* Pretendard-ExtraBold.otf in Resources */,
				B18257CD2C025A10003926A7 /* Pretendard-SemiBold.otf in Resources */,
				B18257CB2C025A10003926A7 /* Pretendard-Light.otf in Resources */,
				B18257C72C025A10003926A7 /* Pretendard-Regular.otf in Resources */,
				B18257CA2C025A10003926A7 /* Pretendard-Black.otf in Resources */,
				B182579E2C0228B0003926A7 /* Assets.xcassets in Resources */,
				B18257B32C022DB8003926A7 /* SearchRestaurant.storyboard in Resources */,
				B122F12F2C0AF6E6001B7D0B /* OthersChatTableViewCell.xib in Resources */,
				B18257CF2C025A10003926A7 /* Pretendard-Bold.otf in Resources */,
				B182579C2C0228AE003926A7 /* Main.storyboard in Resources */,
				B18257CE2C025A10003926A7 /* Pretendard-Thin.otf in Resources */,
				B18257B12C022D83003926A7 /* Home.storyboard in Resources */,
				B18257CC2C025A10003926A7 /* Pretendard-Medium.otf in Resources */,
				B189AAE82C0461CB008A11D9 /* CityInfo.storyboard in Resources */,
				B122F12B2C0AED59001B7D0B /* TravelChatTableViewCell.xib in Resources */,
			);
			runOnlyForDeploymentPostprocessing = 0;
		};
/* End PBXResourcesBuildPhase section */

/* Begin PBXSourcesBuildPhase section */
		B182578D2C0228AE003926A7 /* Sources */ = {
			isa = PBXSourcesBuildPhase;
			buildActionMask = 2147483647;
			files = (
				B18257D72C0271BF003926A7 /* SearchRestaurantTableViewController.swift in Sources */,
				B18257B52C023BDF003926A7 /* HomeTableViewController.swift in Sources */,
				B189AAF82C046E19008A11D9 /* UILabel+Extension.swift in Sources */,
				B18257AA2C022AFC003926A7 /* Restaurant.swift in Sources */,
				B18257D52C026E11003926A7 /* SearchRestaurantViewController.swift in Sources */,
				B189AAFE2C048BE8008A11D9 /* UIButton+Extension.swift in Sources */,
				B18257992C0228AE003926A7 /* ViewController.swift in Sources */,
				B189AAEE2C046383008A11D9 /* CityInfoTableViewCell.swift in Sources */,
				B189AAFC2C048B32008A11D9 /* UIView+Extension.swift in Sources */,
				B189AAF22C04638F008A11D9 /* AdTableViewCell.swift in Sources */,
				B15721FA2C0AD97C00D1CE59 /* ChattingData.swift in Sources */,
				B18257952C0228AE003926A7 /* AppDelegate.swift in Sources */,
				B122F12A2C0AED59001B7D0B /* TravelChatTableViewCell.swift in Sources */,
				B122F1352C0AF749001B7D0B /* DetailTravelChatViewController.swift in Sources */,
				B18257D12C0265CA003926A7 /* SearchRestaurantTableViewCell.swift in Sources */,
				B122F1322C0AF6F8001B7D0B /* MyChatTableViewCell.swift in Sources */,
				B189AAFA2C047448008A11D9 /* UIImageView+Extension.swift in Sources */,
				B15721FE2C0ADA8700D1CE59 /* TravelChatViewController.swift in Sources */,
				B122F12E2C0AF6E6001B7D0B /* OthersChatTableViewCell.swift in Sources */,
				B18257972C0228AE003926A7 /* SceneDelegate.swift in Sources */,
				B18257B72C023C5B003926A7 /* HomeTableViewCell.swift in Sources */,
				B1A7A9A62C079F3E007CF0FE /* AdViewController.swift in Sources */,
				B1A7A9A82C079F73007CF0FE /* CityInfoDetailViewController.swift in Sources */,
				B189AAE62C045D7C008A11D9 /* TravelModel.swift in Sources */,
				B18257AB2C022AFC003926A7 /* MagazineInfo.swift in Sources */,
				B189AAEB2C046285008A11D9 /* CityInfoViewController.swift in Sources */,
			);
			runOnlyForDeploymentPostprocessing = 0;
		};
/* End PBXSourcesBuildPhase section */

/* Begin PBXVariantGroup section */
		B182579A2C0228AE003926A7 /* Main.storyboard */ = {
			isa = PBXVariantGroup;
			children = (
				B182579B2C0228AE003926A7 /* Base */,
			);
			name = Main.storyboard;
			sourceTree = "<group>";
		};
		B182579F2C0228B0003926A7 /* LaunchScreen.storyboard */ = {
			isa = PBXVariantGroup;
			children = (
				B18257A02C0228B0003926A7 /* Base */,
			);
			name = LaunchScreen.storyboard;
			sourceTree = "<group>";
		};
/* End PBXVariantGroup section */

/* Begin XCBuildConfiguration section */
		B18257A32C0228B0003926A7 /* Debug */ = {
			isa = XCBuildConfiguration;
			buildSettings = {
				ALWAYS_SEARCH_USER_PATHS = NO;
				ASSETCATALOG_COMPILER_GENERATE_SWIFT_ASSET_SYMBOL_EXTENSIONS = YES;
				CLANG_ANALYZER_NONNULL = YES;
				CLANG_ANALYZER_NUMBER_OBJECT_CONVERSION = YES_AGGRESSIVE;
				CLANG_CXX_LANGUAGE_STANDARD = "gnu++20";
				CLANG_ENABLE_MODULES = YES;
				CLANG_ENABLE_OBJC_ARC = YES;
				CLANG_ENABLE_OBJC_WEAK = YES;
				CLANG_WARN_BLOCK_CAPTURE_AUTORELEASING = YES;
				CLANG_WARN_BOOL_CONVERSION = YES;
				CLANG_WARN_COMMA = YES;
				CLANG_WARN_CONSTANT_CONVERSION = YES;
				CLANG_WARN_DEPRECATED_OBJC_IMPLEMENTATIONS = YES;
				CLANG_WARN_DIRECT_OBJC_ISA_USAGE = YES_ERROR;
				CLANG_WARN_DOCUMENTATION_COMMENTS = YES;
				CLANG_WARN_EMPTY_BODY = YES;
				CLANG_WARN_ENUM_CONVERSION = YES;
				CLANG_WARN_INFINITE_RECURSION = YES;
				CLANG_WARN_INT_CONVERSION = YES;
				CLANG_WARN_NON_LITERAL_NULL_CONVERSION = YES;
				CLANG_WARN_OBJC_IMPLICIT_RETAIN_SELF = YES;
				CLANG_WARN_OBJC_LITERAL_CONVERSION = YES;
				CLANG_WARN_OBJC_ROOT_CLASS = YES_ERROR;
				CLANG_WARN_QUOTED_INCLUDE_IN_FRAMEWORK_HEADER = YES;
				CLANG_WARN_RANGE_LOOP_ANALYSIS = YES;
				CLANG_WARN_STRICT_PROTOTYPES = YES;
				CLANG_WARN_SUSPICIOUS_MOVE = YES;
				CLANG_WARN_UNGUARDED_AVAILABILITY = YES_AGGRESSIVE;
				CLANG_WARN_UNREACHABLE_CODE = YES;
				CLANG_WARN__DUPLICATE_METHOD_MATCH = YES;
				COPY_PHASE_STRIP = NO;
				DEBUG_INFORMATION_FORMAT = dwarf;
				ENABLE_STRICT_OBJC_MSGSEND = YES;
				ENABLE_TESTABILITY = YES;
				ENABLE_USER_SCRIPT_SANDBOXING = YES;
				GCC_C_LANGUAGE_STANDARD = gnu17;
				GCC_DYNAMIC_NO_PIC = NO;
				GCC_NO_COMMON_BLOCKS = YES;
				GCC_OPTIMIZATION_LEVEL = 0;
				GCC_PREPROCESSOR_DEFINITIONS = (
					"DEBUG=1",
					"$(inherited)",
				);
				GCC_WARN_64_TO_32_BIT_CONVERSION = YES;
				GCC_WARN_ABOUT_RETURN_TYPE = YES_ERROR;
				GCC_WARN_UNDECLARED_SELECTOR = YES;
				GCC_WARN_UNINITIALIZED_AUTOS = YES_AGGRESSIVE;
				GCC_WARN_UNUSED_FUNCTION = YES;
				GCC_WARN_UNUSED_VARIABLE = YES;
				IPHONEOS_DEPLOYMENT_TARGET = 17.2;
				LOCALIZATION_PREFERS_STRING_CATALOGS = YES;
				MTL_ENABLE_DEBUG_INFO = INCLUDE_SOURCE;
				MTL_FAST_MATH = YES;
				ONLY_ACTIVE_ARCH = YES;
				SDKROOT = iphoneos;
				SWIFT_ACTIVE_COMPILATION_CONDITIONS = "DEBUG $(inherited)";
				SWIFT_OPTIMIZATION_LEVEL = "-Onone";
			};
			name = Debug;
		};
		B18257A42C0228B0003926A7 /* Release */ = {
			isa = XCBuildConfiguration;
			buildSettings = {
				ALWAYS_SEARCH_USER_PATHS = NO;
				ASSETCATALOG_COMPILER_GENERATE_SWIFT_ASSET_SYMBOL_EXTENSIONS = YES;
				CLANG_ANALYZER_NONNULL = YES;
				CLANG_ANALYZER_NUMBER_OBJECT_CONVERSION = YES_AGGRESSIVE;
				CLANG_CXX_LANGUAGE_STANDARD = "gnu++20";
				CLANG_ENABLE_MODULES = YES;
				CLANG_ENABLE_OBJC_ARC = YES;
				CLANG_ENABLE_OBJC_WEAK = YES;
				CLANG_WARN_BLOCK_CAPTURE_AUTORELEASING = YES;
				CLANG_WARN_BOOL_CONVERSION = YES;
				CLANG_WARN_COMMA = YES;
				CLANG_WARN_CONSTANT_CONVERSION = YES;
				CLANG_WARN_DEPRECATED_OBJC_IMPLEMENTATIONS = YES;
				CLANG_WARN_DIRECT_OBJC_ISA_USAGE = YES_ERROR;
				CLANG_WARN_DOCUMENTATION_COMMENTS = YES;
				CLANG_WARN_EMPTY_BODY = YES;
				CLANG_WARN_ENUM_CONVERSION = YES;
				CLANG_WARN_INFINITE_RECURSION = YES;
				CLANG_WARN_INT_CONVERSION = YES;
				CLANG_WARN_NON_LITERAL_NULL_CONVERSION = YES;
				CLANG_WARN_OBJC_IMPLICIT_RETAIN_SELF = YES;
				CLANG_WARN_OBJC_LITERAL_CONVERSION = YES;
				CLANG_WARN_OBJC_ROOT_CLASS = YES_ERROR;
				CLANG_WARN_QUOTED_INCLUDE_IN_FRAMEWORK_HEADER = YES;
				CLANG_WARN_RANGE_LOOP_ANALYSIS = YES;
				CLANG_WARN_STRICT_PROTOTYPES = YES;
				CLANG_WARN_SUSPICIOUS_MOVE = YES;
				CLANG_WARN_UNGUARDED_AVAILABILITY = YES_AGGRESSIVE;
				CLANG_WARN_UNREACHABLE_CODE = YES;
				CLANG_WARN__DUPLICATE_METHOD_MATCH = YES;
				COPY_PHASE_STRIP = NO;
				DEBUG_INFORMATION_FORMAT = "dwarf-with-dsym";
				ENABLE_NS_ASSERTIONS = NO;
				ENABLE_STRICT_OBJC_MSGSEND = YES;
				ENABLE_USER_SCRIPT_SANDBOXING = YES;
				GCC_C_LANGUAGE_STANDARD = gnu17;
				GCC_NO_COMMON_BLOCKS = YES;
				GCC_WARN_64_TO_32_BIT_CONVERSION = YES;
				GCC_WARN_ABOUT_RETURN_TYPE = YES_ERROR;
				GCC_WARN_UNDECLARED_SELECTOR = YES;
				GCC_WARN_UNINITIALIZED_AUTOS = YES_AGGRESSIVE;
				GCC_WARN_UNUSED_FUNCTION = YES;
				GCC_WARN_UNUSED_VARIABLE = YES;
				IPHONEOS_DEPLOYMENT_TARGET = 17.2;
				LOCALIZATION_PREFERS_STRING_CATALOGS = YES;
				MTL_ENABLE_DEBUG_INFO = NO;
				MTL_FAST_MATH = YES;
				SDKROOT = iphoneos;
				SWIFT_COMPILATION_MODE = wholemodule;
				VALIDATE_PRODUCT = YES;
			};
			name = Release;
		};
		B18257A62C0228B0003926A7 /* Debug */ = {
			isa = XCBuildConfiguration;
			buildSettings = {
				ASSETCATALOG_COMPILER_APPICON_NAME = AppIcon;
				ASSETCATALOG_COMPILER_GLOBAL_ACCENT_COLOR_NAME = AccentColor;
				CODE_SIGN_STYLE = Automatic;
				CURRENT_PROJECT_VERSION = 1;
				DEVELOPMENT_TEAM = A8L5QZ969G;
				GENERATE_INFOPLIST_FILE = YES;
				INFOPLIST_FILE = TravelMagazine/Info.plist;
				INFOPLIST_KEY_UIApplicationSupportsIndirectInputEvents = YES;
				INFOPLIST_KEY_UILaunchStoryboardName = LaunchScreen;
				INFOPLIST_KEY_UIMainStoryboardFile = Main;
				INFOPLIST_KEY_UISupportedInterfaceOrientations = UIInterfaceOrientationPortrait;
				INFOPLIST_KEY_UISupportedInterfaceOrientations_iPad = "UIInterfaceOrientationLandscapeLeft UIInterfaceOrientationLandscapeRight UIInterfaceOrientationPortrait UIInterfaceOrientationPortraitUpsideDown";
				IPHONEOS_DEPLOYMENT_TARGET = 16.0;
				LD_RUNPATH_SEARCH_PATHS = (
					"$(inherited)",
					"@executable_path/Frameworks",
				);
				MARKETING_VERSION = 1.0;
				PRODUCT_BUNDLE_IDENTIFIER = com.thanky.TravelMagazine;
				PRODUCT_NAME = "$(TARGET_NAME)";
				SUPPORTED_PLATFORMS = "iphoneos iphonesimulator";
				SUPPORTS_MACCATALYST = NO;
				SUPPORTS_MAC_DESIGNED_FOR_IPHONE_IPAD = NO;
				SUPPORTS_XR_DESIGNED_FOR_IPHONE_IPAD = NO;
				SWIFT_EMIT_LOC_STRINGS = YES;
				SWIFT_VERSION = 5.0;
				TARGETED_DEVICE_FAMILY = 1;
			};
			name = Debug;
		};
		B18257A72C0228B0003926A7 /* Release */ = {
			isa = XCBuildConfiguration;
			buildSettings = {
				ASSETCATALOG_COMPILER_APPICON_NAME = AppIcon;
				ASSETCATALOG_COMPILER_GLOBAL_ACCENT_COLOR_NAME = AccentColor;
				CODE_SIGN_STYLE = Automatic;
				CURRENT_PROJECT_VERSION = 1;
				DEVELOPMENT_TEAM = A8L5QZ969G;
				GENERATE_INFOPLIST_FILE = YES;
				INFOPLIST_FILE = TravelMagazine/Info.plist;
				INFOPLIST_KEY_UIApplicationSupportsIndirectInputEvents = YES;
				INFOPLIST_KEY_UILaunchStoryboardName = LaunchScreen;
				INFOPLIST_KEY_UIMainStoryboardFile = Main;
				INFOPLIST_KEY_UISupportedInterfaceOrientations = UIInterfaceOrientationPortrait;
				INFOPLIST_KEY_UISupportedInterfaceOrientations_iPad = "UIInterfaceOrientationLandscapeLeft UIInterfaceOrientationLandscapeRight UIInterfaceOrientationPortrait UIInterfaceOrientationPortraitUpsideDown";
				IPHONEOS_DEPLOYMENT_TARGET = 16.0;
				LD_RUNPATH_SEARCH_PATHS = (
					"$(inherited)",
					"@executable_path/Frameworks",
				);
				MARKETING_VERSION = 1.0;
				PRODUCT_BUNDLE_IDENTIFIER = com.thanky.TravelMagazine;
				PRODUCT_NAME = "$(TARGET_NAME)";
				SUPPORTED_PLATFORMS = "iphoneos iphonesimulator";
				SUPPORTS_MACCATALYST = NO;
				SUPPORTS_MAC_DESIGNED_FOR_IPHONE_IPAD = NO;
				SUPPORTS_XR_DESIGNED_FOR_IPHONE_IPAD = NO;
				SWIFT_EMIT_LOC_STRINGS = YES;
				SWIFT_VERSION = 5.0;
				TARGETED_DEVICE_FAMILY = 1;
			};
			name = Release;
		};
/* End XCBuildConfiguration section */

/* Begin XCConfigurationList section */
		B182578C2C0228AE003926A7 /* Build configuration list for PBXProject "TravelMagazine" */ = {
			isa = XCConfigurationList;
			buildConfigurations = (
				B18257A32C0228B0003926A7 /* Debug */,
				B18257A42C0228B0003926A7 /* Release */,
			);
			defaultConfigurationIsVisible = 0;
			defaultConfigurationName = Release;
		};
		B18257A52C0228B0003926A7 /* Build configuration list for PBXNativeTarget "TravelMagazine" */ = {
			isa = XCConfigurationList;
			buildConfigurations = (
				B18257A62C0228B0003926A7 /* Debug */,
				B18257A72C0228B0003926A7 /* Release */,
			);
			defaultConfigurationIsVisible = 0;
			defaultConfigurationName = Release;
		};
/* End XCConfigurationList section */

/* Begin XCRemoteSwiftPackageReference section */
		B18257B82C02434E003926A7 /* XCRemoteSwiftPackageReference "Kingfisher" */ = {
			isa = XCRemoteSwiftPackageReference;
			repositoryURL = "https://github.com/onevcat/Kingfisher";
			requirement = {
				kind = upToNextMajorVersion;
				minimumVersion = 7.11.0;
			};
		};
		B189AAF42C0463D5008A11D9 /* XCRemoteSwiftPackageReference "Cosmos" */ = {
			isa = XCRemoteSwiftPackageReference;
			repositoryURL = "https://github.com/evgenyneu/Cosmos";
			requirement = {
				kind = upToNextMajorVersion;
				minimumVersion = 25.0.1;
			};
		};
/* End XCRemoteSwiftPackageReference section */

/* Begin XCSwiftPackageProductDependency section */
		B18257B92C02434E003926A7 /* Kingfisher */ = {
			isa = XCSwiftPackageProductDependency;
			package = B18257B82C02434E003926A7 /* XCRemoteSwiftPackageReference "Kingfisher" */;
			productName = Kingfisher;
		};
		B189AAF52C0463D5008A11D9 /* Cosmos */ = {
			isa = XCSwiftPackageProductDependency;
			package = B189AAF42C0463D5008A11D9 /* XCRemoteSwiftPackageReference "Cosmos" */;
			productName = Cosmos;
		};
/* End XCSwiftPackageProductDependency section */
	};
	rootObject = B18257892C0228AE003926A7 /* Project object */;
}
